
Microsoft Visual Studio Solution File, Format Version 12.00
# Visual Studio 15
VisualStudioVersion = 15.0.27130.2036
MinimumVisualStudioVersion = 10.0.40219.1
Project("{9A19103F-16F7-4668-BE54-9A1E7A4F7556}") = "WorkingWithPopups", "WorkingWithPopups\WorkingWithPopups.csproj", "{CBBBC7DE-A31F-424C-8903-9D7EB04CF900}"
EndProject
Project("{FAE04EC0-301F-11D3-BF4B-00C04F79EFBC}") = "WorkingWithPopups.Android", "WorkingWithPopups.Android\WorkingWithPopups.Android.csproj", "{DBDECD77-982D-426F-97C6-A22CD27C741E}"
EndProject
Project("{FAE04EC0-301F-11D3-BF4B-00C04F79EFBC}") = "WorkingWithPopups.iOS", "WorkingWithPopups.iOS\WorkingWithPopups.iOS.csproj", "{F2DC1634-901B-4497-9CE2-F4FE053AF540}"
EndProject
Project("{FAE04EC0-301F-11D3-BF4B-00C04F79EFBC}") = "WorkingWithPopups.UWP", "WorkingWithPopups.UWP\WorkingWithPopups.UWP.csproj", "{1CC9BA04-FA8E-494A-9358-756843C887FA}"
EndProject
Global
	GlobalSection(SolutionConfigurationPlatforms) = preSolution
		Ad-Hoc|Any CPU = Ad-Hoc|Any CPU
		Ad-Hoc|ARM = Ad-Hoc|ARM
		Ad-Hoc|iPhone = Ad-Hoc|iPhone
		Ad-Hoc|iPhoneSimulator = Ad-Hoc|iPhoneSimulator
		Ad-Hoc|x64 = Ad-Hoc|x64
		Ad-Hoc|x86 = Ad-Hoc|x86
		AppStore|Any CPU = AppStore|Any CPU
		AppStore|ARM = AppStore|ARM
		AppStore|iPhone = AppStore|iPhone
		AppStore|iPhoneSimulator = AppStore|iPhoneSimulator
		AppStore|x64 = AppStore|x64
		AppStore|x86 = AppStore|x86
		Debug|Any CPU = Debug|Any CPU
		Debug|ARM = Debug|ARM
		Debug|iPhone = Debug|iPhone
		Debug|iPhoneSimulator = Debug|iPhoneSimulator
		Debug|x64 = Debug|x64
		Debug|x86 = Debug|x86
		Release|Any CPU = Release|Any CPU
		Release|ARM = Release|ARM
		Release|iPhone = Release|iPhone
		Release|iPhoneSimulator = Release|iPhoneSimulator
		Release|x64 = Release|x64
		Release|x86 = Release|x86
	EndGlobalSection
	GlobalSection(ProjectConfigurationPlatforms) = postSolution
		{CBBBC7DE-A31F-424C-8903-9D7EB04CF900}.Ad-Hoc|Any CPU.ActiveCfg = Debug|Any CPU
		{CBBBC7DE-A31F-424C-8903-9D7EB04CF900}.Ad-Hoc|Any CPU.Build.0 = Debug|Any CPU
		{CBBBC7DE-A31F-424C-8903-9D7EB04CF900}.Ad-Hoc|ARM.ActiveCfg = Debug|Any CPU
		{CBBBC7DE-A31F-424C-8903-9D7EB04CF900}.Ad-Hoc|ARM.Build.0 = Debug|Any CPU
		{CBBBC7DE-A31F-424C-8903-9D7EB04CF900}.Ad-Hoc|iPhone.ActiveCfg = Debug|Any CPU
		{CBBBC7DE-A31F-424C-8903-9D7EB04CF900}.Ad-Hoc|iPhone.Build.0 = Debug|Any CPU
		{CBBBC7DE-A31F-424C-8903-9D7EB04CF900}.Ad-Hoc|iPhoneSimulator.ActiveCfg = Debug|Any CPU
		{CBBBC7DE-A31F-424C-8903-9D7EB04CF900}.Ad-Hoc|iPhoneSimulator.Build.0 = Debug|Any CPU
		{CBBBC7DE-A31F-424C-8903-9D7EB04CF900}.Ad-Hoc|x64.ActiveCfg = Debug|Any CPU
		{CBBBC7DE-A31F-424C-8903-9D7EB04CF900}.Ad-Hoc|x64.Build.0 = Debug|Any CPU
		{CBBBC7DE-A31F-424C-8903-9D7EB04CF900}.Ad-Hoc|x86.ActiveCfg = Debug|Any CPU
		{CBBBC7DE-A31F-424C-8903-9D7EB04CF900}.Ad-Hoc|x86.Build.0 = Debug|Any CPU
		{CBBBC7DE-A31F-424C-8903-9D7EB04CF900}.AppStore|Any CPU.ActiveCfg = Debug|Any CPU
		{CBBBC7DE-A31F-424C-8903-9D7EB04CF900}.AppStore|Any CPU.Build.0 = Debug|Any CPU
		{CBBBC7DE-A31F-424C-8903-9D7EB04CF900}.AppStore|ARM.ActiveCfg = Debug|Any CPU
		{CBBBC7DE-A31F-424C-8903-9D7EB04CF900}.AppStore|ARM.Build.0 = Debug|Any CPU
		{CBBBC7DE-A31F-424C-8903-9D7EB04CF900}.AppStore|iPhone.ActiveCfg = Debug|Any CPU
		{CBBBC7DE-A31F-424C-8903-9D7EB04CF900}.AppStore|iPhone.Build.0 = Debug|Any CPU
		{CBBBC7DE-A31F-424C-8903-9D7EB04CF900}.AppStore|iPhoneSimulator.ActiveCfg = Debug|Any CPU
		{CBBBC7DE-A31F-424C-8903-9D7EB04CF900}.AppStore|iPhoneSimulator.Build.0 = Debug|Any CPU
		{CBBBC7DE-A31F-424C-8903-9D7EB04CF900}.AppStore|x64.ActiveCfg = Debug|Any CPU
		{CBBBC7DE-A31F-424C-8903-9D7EB04CF900}.AppStore|x64.Build.0 = Debug|Any CPU
		{CBBBC7DE-A31F-424C-8903-9D7EB04CF900}.AppStore|x86.ActiveCfg = Debug|Any CPU
		{CBBBC7DE-A31F-424C-8903-9D7EB04CF900}.AppStore|x86.Build.0 = Debug|Any CPU
		{CBBBC7DE-A31F-424C-8903-9D7EB04CF900}.Debug|Any CPU.ActiveCfg = Debug|Any CPU
		{CBBBC7DE-A31F-424C-8903-9D7EB04CF900}.Debug|Any CPU.Build.0 = Debug|Any CPU
		{CBBBC7DE-A31F-424C-8903-9D7EB04CF900}.Debug|ARM.ActiveCfg = Debug|Any CPU
		{CBBBC7DE-A31F-424C-8903-9D7EB04CF900}.Debug|ARM.Build.0 = Debug|Any CPU
		{CBBBC7DE-A31F-424C-8903-9D7EB04CF900}.Debug|iPhone.ActiveCfg = Debug|Any CPU
		{CBBBC7DE-A31F-424C-8903-9D7EB04CF900}.Debug|iPhone.Build.0 = Debug|Any CPU
		{CBBBC7DE-A31F-424C-8903-9D7EB04CF900}.Debug|iPhoneSimulator.ActiveCfg = Debug|Any CPU
		{CBBBC7DE-A31F-424C-8903-9D7EB04CF900}.Debug|iPhoneSimulator.Build.0 = Debug|Any CPU
		{CBBBC7DE-A31F-424C-8903-9D7EB04CF900}.Debug|x64.ActiveCfg = Debug|Any CPU
		{CBBBC7DE-A31F-424C-8903-9D7EB04CF900}.Debug|x64.Build.0 = Debug|Any CPU
		{CBBBC7DE-A31F-424C-8903-9D7EB04CF900}.Debug|x86.ActiveCfg = Debug|Any CPU
		{CBBBC7DE-A31F-424C-8903-9D7EB04CF900}.Debug|x86.Build.0 = Debug|Any CPU
		{CBBBC7DE-A31F-424C-8903-9D7EB04CF900}.Release|Any CPU.ActiveCfg = Release|Any CPU
		{CBBBC7DE-A31F-424C-8903-9D7EB04CF900}.Release|Any CPU.Build.0 = Release|Any CPU
		{CBBBC7DE-A31F-424C-8903-9D7EB04CF900}.Release|ARM.ActiveCfg = Release|Any CPU
		{CBBBC7DE-A31F-424C-8903-9D7EB04CF900}.Release|ARM.Build.0 = Release|Any CPU
		{CBBBC7DE-A31F-424C-8903-9D7EB04CF900}.Release|iPhone.ActiveCfg = Release|Any CPU
		{CBBBC7DE-A31F-424C-8903-9D7EB04CF900}.Release|iPhone.Build.0 = Release|Any CPU
		{CBBBC7DE-A31F-424C-8903-9D7EB04CF900}.Release|iPhoneSimulator.ActiveCfg = Release|Any CPU
		{CBBBC7DE-A31F-424C-8903-9D7EB04CF900}.Release|iPhoneSimulator.Build.0 = Release|Any CPU
		{CBBBC7DE-A31F-424C-8903-9D7EB04CF900}.Release|x64.ActiveCfg = Release|Any CPU
		{CBBBC7DE-A31F-424C-8903-9D7EB04CF900}.Release|x64.Build.0 = Release|Any CPU
		{CBBBC7DE-A31F-424C-8903-9D7EB04CF900}.Release|x86.ActiveCfg = Release|Any CPU
		{CBBBC7DE-A31F-424C-8903-9D7EB04CF900}.Release|x86.Build.0 = Release|Any CPU
		{DBDECD77-982D-426F-97C6-A22CD27C741E}.Ad-Hoc|Any CPU.ActiveCfg = Release|Any CPU
		{DBDECD77-982D-426F-97C6-A22CD27C741E}.Ad-Hoc|Any CPU.Build.0 = Release|Any CPU
		{DBDECD77-982D-426F-97C6-A22CD27C741E}.Ad-Hoc|Any CPU.Deploy.0 = Release|Any CPU
		{DBDECD77-982D-426F-97C6-A22CD27C741E}.Ad-Hoc|ARM.ActiveCfg = Release|Any CPU
		{DBDECD77-982D-426F-97C6-A22CD27C741E}.Ad-Hoc|ARM.Build.0 = Release|Any CPU
		{DBDECD77-982D-426F-97C6-A22CD27C741E}.Ad-Hoc|ARM.Deploy.0 = Release|Any CPU
		{DBDECD77-982D-426F-97C6-A22CD27C741E}.Ad-Hoc|iPhone.ActiveCfg = Release|Any CPU
		{DBDECD77-982D-426F-97C6-A22CD27C741E}.Ad-Hoc|iPhone.Build.0 = Release|Any CPU
		{DBDECD77-982D-426F-97C6-A22CD27C741E}.Ad-Hoc|iPhone.Deploy.0 = Release|Any CPU
		{DBDECD77-982D-426F-97C6-A22CD27C741E}.Ad-Hoc|iPhoneSimulator.ActiveCfg = Release|Any CPU
		{DBDECD77-982D-426F-97C6-A22CD27C741E}.Ad-Hoc|iPhoneSimulator.Build.0 = Release|Any CPU
		{DBDECD77-982D-426F-97C6-A22CD27C741E}.Ad-Hoc|iPhoneSimulator.Deploy.0 = Release|Any CPU
		{DBDECD77-982D-426F-97C6-A22CD27C741E}.Ad-Hoc|x64.ActiveCfg = Release|Any CPU
		{DBDECD77-982D-426F-97C6-A22CD27C741E}.Ad-Hoc|x64.Build.0 = Release|Any CPU
		{DBDECD77-982D-426F-97C6-A22CD27C741E}.Ad-Hoc|x64.Deploy.0 = Release|Any CPU
		{DBDECD77-982D-426F-97C6-A22CD27C741E}.Ad-Hoc|x86.ActiveCfg = Release|Any CPU
		{DBDECD77-982D-426F-97C6-A22CD27C741E}.Ad-Hoc|x86.Build.0 = Release|Any CPU
		{DBDECD77-982D-426F-97C6-A22CD27C741E}.Ad-Hoc|x86.Deploy.0 = Release|Any CPU
		{DBDECD77-982D-426F-97C6-A22CD27C741E}.AppStore|Any CPU.ActiveCfg = Release|Any CPU
		{DBDECD77-982D-426F-97C6-A22CD27C741E}.AppStore|Any CPU.Build.0 = Release|Any CPU
		{DBDECD77-982D-426F-97C6-A22CD27C741E}.AppStore|Any CPU.Deploy.0 = Release|Any CPU
		{DBDECD77-982D-426F-97C6-A22CD27C741E}.AppStore|ARM.ActiveCfg = Release|Any CPU
		{DBDECD77-982D-426F-97C6-A22CD27C741E}.AppStore|ARM.Build.0 = Release|Any CPU
		{DBDECD77-982D-426F-97C6-A22CD27C741E}.AppStore|ARM.Deploy.0 = Release|Any CPU
		{DBDECD77-982D-426F-97C6-A22CD27C741E}.AppStore|iPhone.ActiveCfg = Release|Any CPU
		{DBDECD77-982D-426F-97C6-A22CD27C741E}.AppStore|iPhone.Build.0 = Release|Any CPU
		{DBDECD77-982D-426F-97C6-A22CD27C741E}.AppStore|iPhone.Deploy.0 = Release|Any CPU
		{DBDECD77-982D-426F-97C6-A22CD27C741E}.AppStore|iPhoneSimulator.ActiveCfg = Release|Any CPU
		{DBDECD77-982D-426F-97C6-A22CD27C741E}.AppStore|iPhoneSimulator.Build.0 = Release|Any CPU
		{DBDECD77-982D-426F-97C6-A22CD27C741E}.AppStore|iPhoneSimulator.Deploy.0 = Release|Any CPU
		{DBDECD77-982D-426F-97C6-A22CD27C741E}.AppStore|x64.ActiveCfg = Release|Any CPU
		{DBDECD77-982D-426F-97C6-A22CD27C741E}.AppStore|x64.Build.0 = Release|Any CPU
		{DBDECD77-982D-426F-97C6-A22CD27C741E}.AppStore|x64.Deploy.0 = Release|Any CPU
		{DBDECD77-982D-426F-97C6-A22CD27C741E}.AppStore|x86.ActiveCfg = Release|Any CPU
		{DBDECD77-982D-426F-97C6-A22CD27C741E}.AppStore|x86.Build.0 = Release|Any CPU
		{DBDECD77-982D-426F-97C6-A22CD27C741E}.AppStore|x86.Deploy.0 = Release|Any CPU
		{DBDECD77-982D-426F-97C6-A22CD27C741E}.Debug|Any CPU.ActiveCfg = Debug|Any CPU
		{DBDECD77-982D-426F-97C6-A22CD27C741E}.Debug|Any CPU.Build.0 = Debug|Any CPU
		{DBDECD77-982D-426F-97C6-A22CD27C741E}.Debug|Any CPU.Deploy.0 = Debug|Any CPU
		{DBDECD77-982D-426F-97C6-A22CD27C741E}.Debug|ARM.ActiveCfg = Debug|Any CPU
		{DBDECD77-982D-426F-97C6-A22CD27C741E}.Debug|ARM.Build.0 = Debug|Any CPU
		{DBDECD77-982D-426F-97C6-A22CD27C741E}.Debug|ARM.Deploy.0 = Debug|Any CPU
		{DBDECD77-982D-426F-97C6-A22CD27C741E}.Debug|iPhone.ActiveCfg = Debug|Any CPU
		{DBDECD77-982D-426F-97C6-A22CD27C741E}.Debug|iPhone.Build.0 = Debug|Any CPU
		{DBDECD77-982D-426F-97C6-A22CD27C741E}.Debug|iPhone.Deploy.0 = Debug|Any CPU
		{DBDECD77-982D-426F-97C6-A22CD27C741E}.Debug|iPhoneSimulator.ActiveCfg = Debug|Any CPU
		{DBDECD77-982D-426F-97C6-A22CD27C741E}.Debug|iPhoneSimulator.Build.0 = Debug|Any CPU
		{DBDECD77-982D-426F-97C6-A22CD27C741E}.Debug|iPhoneSimulator.Deploy.0 = Debug|Any CPU
		{DBDECD77-982D-426F-97C6-A22CD27C741E}.Debug|x64.ActiveCfg = Debug|Any CPU
		{DBDECD77-982D-426F-97C6-A22CD27C741E}.Debug|x64.Build.0 = Debug|Any CPU
		{DBDECD77-982D-426F-97C6-A22CD27C741E}.Debug|x64.Deploy.0 = Debug|Any CPU
		{DBDECD77-982D-426F-97C6-A22CD27C741E}.Debug|x86.ActiveCfg = Debug|Any CPU
		{DBDECD77-982D-426F-97C6-A22CD27C741E}.Debug|x86.Build.0 = Debug|Any CPU
		{DBDECD77-982D-426F-97C6-A22CD27C741E}.Debug|x86.Deploy.0 = Debug|Any CPU
		{DBDECD77-982D-426F-97C6-A22CD27C741E}.Release|Any CPU.ActiveCfg = Release|Any CPU
		{DBDECD77-982D-426F-97C6-A22CD27C741E}.Release|Any CPU.Build.0 = Release|Any CPU
		{DBDECD77-982D-426F-97C6-A22CD27C741E}.Release|Any CPU.Deploy.0 = Release|Any CPU
		{DBDECD77-982D-426F-97C6-A22CD27C741E}.Release|ARM.ActiveCfg = Release|Any CPU
		{DBDECD77-982D-426F-97C6-A22CD27C741E}.Release|ARM.Build.0 = Release|Any CPU
		{DBDECD77-982D-426F-97C6-A22CD27C741E}.Release|ARM.Deploy.0 = Release|Any CPU
		{DBDECD77-982D-426F-97C6-A22CD27C741E}.Release|iPhone.ActiveCfg = Release|Any CPU
		{DBDECD77-982D-426F-97C6-A22CD27C741E}.Release|iPhone.Build.0 = Release|Any CPU
		{DBDECD77-982D-426F-97C6-A22CD27C741E}.Release|iPhone.Deploy.0 = Release|Any CPU
		{DBDECD77-982D-426F-97C6-A22CD27C741E}.Release|iPhoneSimulator.ActiveCfg = Release|Any CPU
		{DBDECD77-982D-426F-97C6-A22CD27C741E}.Release|iPhoneSimulator.Build.0 = Release|Any CPU
		{DBDECD77-982D-426F-97C6-A22CD27C741E}.Release|iPhoneSimulator.Deploy.0 = Release|Any CPU
		{DBDECD77-982D-426F-97C6-A22CD27C741E}.Release|x64.ActiveCfg = Release|Any CPU
		{DBDECD77-982D-426F-97C6-A22CD27C741E}.Release|x64.Build.0 = Release|Any CPU
		{DBDECD77-982D-426F-97C6-A22CD27C741E}.Release|x64.Deploy.0 = Release|Any CPU
		{DBDECD77-982D-426F-97C6-A22CD27C741E}.Release|x86.ActiveCfg = Release|Any CPU
		{DBDECD77-982D-426F-97C6-A22CD27C741E}.Release|x86.Build.0 = Release|Any CPU
		{DBDECD77-982D-426F-97C6-A22CD27C741E}.Release|x86.Deploy.0 = Release|Any CPU
		{F2DC1634-901B-4497-9CE2-F4FE053AF540}.Ad-Hoc|Any CPU.ActiveCfg = Ad-Hoc|iPhone
		{F2DC1634-901B-4497-9CE2-F4FE053AF540}.Ad-Hoc|ARM.ActiveCfg = Ad-Hoc|iPhone
		{F2DC1634-901B-4497-9CE2-F4FE053AF540}.Ad-Hoc|iPhone.ActiveCfg = Ad-Hoc|iPhone
		{F2DC1634-901B-4497-9CE2-F4FE053AF540}.Ad-Hoc|iPhone.Build.0 = Ad-Hoc|iPhone
		{F2DC1634-901B-4497-9CE2-F4FE053AF540}.Ad-Hoc|iPhoneSimulator.ActiveCfg = Ad-Hoc|iPhoneSimulator
		{F2DC1634-901B-4497-9CE2-F4FE053AF540}.Ad-Hoc|iPhoneSimulator.Build.0 = Ad-Hoc|iPhoneSimulator
		{F2DC1634-901B-4497-9CE2-F4FE053AF540}.Ad-Hoc|x64.ActiveCfg = Ad-Hoc|iPhone
		{F2DC1634-901B-4497-9CE2-F4FE053AF540}.Ad-Hoc|x86.ActiveCfg = Ad-Hoc|iPhone
		{F2DC1634-901B-4497-9CE2-F4FE053AF540}.AppStore|Any CPU.ActiveCfg = AppStore|iPhone
		{F2DC1634-901B-4497-9CE2-F4FE053AF540}.AppStore|ARM.ActiveCfg = AppStore|iPhone
		{F2DC1634-901B-4497-9CE2-F4FE053AF540}.AppStore|iPhone.ActiveCfg = AppStore|iPhone
		{F2DC1634-901B-4497-9CE2-F4FE053AF540}.AppStore|iPhone.Build.0 = AppStore|iPhone
		{F2DC1634-901B-4497-9CE2-F4FE053AF540}.AppStore|iPhoneSimulator.ActiveCfg = AppStore|iPhoneSimulator
		{F2DC1634-901B-4497-9CE2-F4FE053AF540}.AppStore|iPhoneSimulator.Build.0 = AppStore|iPhoneSimulator
		{F2DC1634-901B-4497-9CE2-F4FE053AF540}.AppStore|x64.ActiveCfg = AppStore|iPhone
		{F2DC1634-901B-4497-9CE2-F4FE053AF540}.AppStore|x86.ActiveCfg = AppStore|iPhone
		{F2DC1634-901B-4497-9CE2-F4FE053AF540}.Debug|Any CPU.ActiveCfg = Debug|iPhoneSimulator
		{F2DC1634-901B-4497-9CE2-F4FE053AF540}.Debug|Any CPU.Build.0 = Debug|iPhoneSimulator
		{F2DC1634-901B-4497-9CE2-F4FE053AF540}.Debug|ARM.ActiveCfg = Debug|iPhone
		{F2DC1634-901B-4497-9CE2-F4FE053AF540}.Debug|iPhone.ActiveCfg = Debug|iPhone
		{F2DC1634-901B-4497-9CE2-F4FE053AF540}.Debug|iPhone.Build.0 = Debug|iPhone
		{F2DC1634-901B-4497-9CE2-F4FE053AF540}.Debug|iPhoneSimulator.ActiveCfg = Debug|iPhoneSimulator
		{F2DC1634-901B-4497-9CE2-F4FE053AF540}.Debug|iPhoneSimulator.Build.0 = Debug|iPhoneSimulator
		{F2DC1634-901B-4497-9CE2-F4FE053AF540}.Debug|x64.ActiveCfg = Debug|iPhone
		{F2DC1634-901B-4497-9CE2-F4FE053AF540}.Debug|x86.ActiveCfg = Debug|iPhone
		{F2DC1634-901B-4497-9CE2-F4FE053AF540}.Release|Any CPU.ActiveCfg = Release|iPhone
		{F2DC1634-901B-4497-9CE2-F4FE053AF540}.Release|ARM.ActiveCfg = Release|iPhone
		{F2DC1634-901B-4497-9CE2-F4FE053AF540}.Release|iPhone.ActiveCfg = Release|iPhone
		{F2DC1634-901B-4497-9CE2-F4FE053AF540}.Release|iPhone.Build.0 = Release|iPhone
		{F2DC1634-901B-4497-9CE2-F4FE053AF540}.Release|iPhoneSimulator.ActiveCfg = Release|iPhoneSimulator
		{F2DC1634-901B-4497-9CE2-F4FE053AF540}.Release|iPhoneSimulator.Build.0 = Release|iPhoneSimulator
		{F2DC1634-901B-4497-9CE2-F4FE053AF540}.Release|x64.ActiveCfg = Release|iPhone
		{F2DC1634-901B-4497-9CE2-F4FE053AF540}.Release|x86.ActiveCfg = Release|iPhone
		{1CC9BA04-FA8E-494A-9358-756843C887FA}.Ad-Hoc|Any CPU.ActiveCfg = Release|x86
		{1CC9BA04-FA8E-494A-9358-756843C887FA}.Ad-Hoc|Any CPU.Build.0 = Release|x86
		{1CC9BA04-FA8E-494A-9358-756843C887FA}.Ad-Hoc|Any CPU.Deploy.0 = Release|x86
		{1CC9BA04-FA8E-494A-9358-756843C887FA}.Ad-Hoc|ARM.ActiveCfg = Release|ARM
		{1CC9BA04-FA8E-494A-9358-756843C887FA}.Ad-Hoc|ARM.Build.0 = Release|ARM
		{1CC9BA04-FA8E-494A-9358-756843C887FA}.Ad-Hoc|ARM.Deploy.0 = Release|ARM
		{1CC9BA04-FA8E-494A-9358-756843C887FA}.Ad-Hoc|iPhone.ActiveCfg = Release|x86
		{1CC9BA04-FA8E-494A-9358-756843C887FA}.Ad-Hoc|iPhone.Build.0 = Release|x86
		{1CC9BA04-FA8E-494A-9358-756843C887FA}.Ad-Hoc|iPhone.Deploy.0 = Release|x86
		{1CC9BA04-FA8E-494A-9358-756843C887FA}.Ad-Hoc|iPhoneSimulator.ActiveCfg = Release|x86
		{1CC9BA04-FA8E-494A-9358-756843C887FA}.Ad-Hoc|iPhoneSimulator.Build.0 = Release|x86
		{1CC9BA04-FA8E-494A-9358-756843C887FA}.Ad-Hoc|iPhoneSimulator.Deploy.0 = Release|x86
		{1CC9BA04-FA8E-494A-9358-756843C887FA}.Ad-Hoc|x64.ActiveCfg = Release|x64
		{1CC9BA04-FA8E-494A-9358-756843C887FA}.Ad-Hoc|x64.Build.0 = Release|x64
		{1CC9BA04-FA8E-494A-9358-756843C887FA}.Ad-Hoc|x64.Deploy.0 = Release|x64
		{1CC9BA04-FA8E-494A-9358-756843C887FA}.Ad-Hoc|x86.ActiveCfg = Release|x86
		{1CC9BA04-FA8E-494A-9358-756843C887FA}.Ad-Hoc|x86.Build.0 = Release|x86
		{1CC9BA04-FA8E-494A-9358-756843C887FA}.Ad-Hoc|x86.Deploy.0 = Release|x86
		{1CC9BA04-FA8E-494A-9358-756843C887FA}.AppStore|Any CPU.ActiveCfg = Release|x86
		{1CC9BA04-FA8E-494A-9358-756843C887FA}.AppStore|Any CPU.Build.0 = Release|x86
		{1CC9BA04-FA8E-494A-9358-756843C887FA}.AppStore|Any CPU.Deploy.0 = Release|x86
		{1CC9BA04-FA8E-494A-9358-756843C887FA}.AppStore|ARM.ActiveCfg = Release|ARM
		{1CC9BA04-FA8E-494A-9358-756843C887FA}.AppStore|ARM.Build.0 = Release|ARM
		{1CC9BA04-FA8E-494A-9358-756843C887FA}.AppStore|ARM.Deploy.0 = Release|ARM
		{1CC9BA04-FA8E-494A-9358-756843C887FA}.AppStore|iPhone.ActiveCfg = Release|x86
		{1CC9BA04-FA8E-494A-9358-756843C887FA}.AppStore|iPhone.Build.0 = Release|x86
		{1CC9BA04-FA8E-494A-9358-756843C887FA}.AppStore|iPhone.Deploy.0 = Release|x86
		{1CC9BA04-FA8E-494A-9358-756843C887FA}.AppStore|iPhoneSimulator.ActiveCfg = Release|x86
		{1CC9BA04-FA8E-494A-9358-756843C887FA}.AppStore|iPhoneSimulator.Build.0 = Release|x86
		{1CC9BA04-FA8E-494A-9358-756843C887FA}.AppStore|iPhoneSimulator.Deploy.0 = Release|x86
		{1CC9BA04-FA8E-494A-9358-756843C887FA}.AppStore|x64.ActiveCfg = Release|x64
		{1CC9BA04-FA8E-494A-9358-756843C887FA}.AppStore|x64.Build.0 = Release|x64
		{1CC9BA04-FA8E-494A-9358-756843C887FA}.AppStore|x64.Deploy.0 = Release|x64
		{1CC9BA04-FA8E-494A-9358-756843C887FA}.AppStore|x86.ActiveCfg = Release|x86
		{1CC9BA04-FA8E-494A-9358-756843C887FA}.AppStore|x86.Build.0 = Release|x86
		{1CC9BA04-FA8E-494A-9358-756843C887FA}.AppStore|x86.Deploy.0 = Release|x86
		{1CC9BA04-FA8E-494A-9358-756843C887FA}.Debug|Any CPU.ActiveCfg = Debug|x64
		{1CC9BA04-FA8E-494A-9358-756843C887FA}.Debug|Any CPU.Build.0 = Debug|x64
		{1CC9BA04-FA8E-494A-9358-756843C887FA}.Debug|ARM.ActiveCfg = Debug|ARM
		{1CC9BA04-FA8E-494A-9358-756843C887FA}.Debug|ARM.Build.0 = Debug|ARM
		{1CC9BA04-FA8E-494A-9358-756843C887FA}.Debug|ARM.Deploy.0 = Debug|ARM
		{1CC9BA04-FA8E-494A-9358-756843C887FA}.Debug|iPhone.ActiveCfg = Debug|x86
		{1CC9BA04-FA8E-494A-9358-756843C887FA}.Debug|iPhoneSimulator.ActiveCfg = Debug|x86
		{1CC9BA04-FA8E-494A-9358-756843C887FA}.Debug|x64.ActiveCfg = Debug|x64
		{1CC9BA04-FA8E-494A-9358-756843C887FA}.Debug|x64.Build.0 = Debug|x64
		{1CC9BA04-FA8E-494A-9358-756843C887FA}.Debug|x64.Deploy.0 = Debug|x64
		{1CC9BA04-FA8E-494A-9358-756843C887FA}.Debug|x86.ActiveCfg = Debug|x86
		{1CC9BA04-FA8E-494A-9358-756843C887FA}.Debug|x86.Build.0 = Debug|x86
		{1CC9BA04-FA8E-494A-9358-756843C887FA}.Debug|x86.Deploy.0 = Debug|x86
		{1CC9BA04-FA8E-494A-9358-756843C887FA}.Release|Any CPU.ActiveCfg = Release|x86
		{1CC9BA04-FA8E-494A-9358-756843C887FA}.Release|ARM.ActiveCfg = Release|ARM
		{1CC9BA04-FA8E-494A-9358-756843C887FA}.Release|ARM.Build.0 = Release|ARM
		{1CC9BA04-FA8E-494A-9358-756843C887FA}.Release|ARM.Deploy.0 = Release|ARM
		{1CC9BA04-FA8E-494A-9358-756843C887FA}.Release|iPhone.ActiveCfg = Release|x86
		{1CC9BA04-FA8E-494A-9358-756843C887FA}.Release|iPhoneSimulator.ActiveCfg = Release|x86
		{1CC9BA04-FA8E-494A-9358-756843C887FA}.Release|x64.ActiveCfg = Release|x64
		{1CC9BA04-FA8E-494A-9358-756843C887FA}.Release|x64.Build.0 = Release|x64
		{1CC9BA04-FA8E-494A-9358-756843C887FA}.Release|x64.Deploy.0 = Release|x64
		{1CC9BA04-FA8E-494A-9358-756843C887FA}.Release|x86.ActiveCfg = Release|x86
		{1CC9BA04-FA8E-494A-9358-756843C887FA}.Release|x86.Build.0 = Release|x86
		{1CC9BA04-FA8E-494A-9358-756843C887FA}.Release|x86.Deploy.0 = Release|x86
	EndGlobalSection
	GlobalSection(SolutionProperties) = preSolution
		HideSolutionNode = FALSE
	EndGlobalSection
	GlobalSection(ExtensibilityGlobals) = postSolution
		SolutionGuid = {FDBE54CB-FD4C-448D-834B-74C784833FF9}
	EndGlobalSection
EndGlobal
