
Microsoft Visual Studio Solution File, Format Version 12.00
# Visual Studio 15
VisualStudioVersion = 15.0.27130.2027
MinimumVisualStudioVersion = 10.0.40219.1
Project("{9A19103F-16F7-4668-BE54-9A1E7A4F7556}") = "DependencyServiceSample", "DependencyServiceSample\DependencyServiceSample.csproj", "{89DC3271-18F9-41A1-9FFA-67C56395A461}"
EndProject
Project("{FAE04EC0-301F-11D3-BF4B-00C04F79EFBC}") = "DependencyServiceSample.Android", "DependencyServiceSample.Android\DependencyServiceSample.Android.csproj", "{A6E6D4BF-292D-491B-B4AA-23C26CDFBE65}"
EndProject
Project("{FAE04EC0-301F-11D3-BF4B-00C04F79EFBC}") = "DependencyServiceSample.iOS", "DependencyServiceSample.iOS\DependencyServiceSample.iOS.csproj", "{24FB5826-B32D-44DD-9485-DA6756B55ACB}"
EndProject
Project("{FAE04EC0-301F-11D3-BF4B-00C04F79EFBC}") = "DependencyServiceSample.UWP", "DependencyServiceSample.UWP\DependencyServiceSample.UWP.csproj", "{3238FDD4-D442-4565-A8AF-15D89EA41437}"
EndProject
Global
	GlobalSection(SolutionConfigurationPlatforms) = preSolution
		Ad-Hoc|Any CPU = Ad-Hoc|Any CPU
		Ad-Hoc|ARM = Ad-Hoc|ARM
		Ad-Hoc|iPhone = Ad-Hoc|iPhone
		Ad-Hoc|iPhoneSimulator = Ad-Hoc|iPhoneSimulator
		Ad-Hoc|x64 = Ad-Hoc|x64
		Ad-Hoc|x86 = Ad-Hoc|x86
		AppStore|Any CPU = AppStore|Any CPU
		AppStore|ARM = AppStore|ARM
		AppStore|iPhone = AppStore|iPhone
		AppStore|iPhoneSimulator = AppStore|iPhoneSimulator
		AppStore|x64 = AppStore|x64
		AppStore|x86 = AppStore|x86
		Debug|Any CPU = Debug|Any CPU
		Debug|ARM = Debug|ARM
		Debug|iPhone = Debug|iPhone
		Debug|iPhoneSimulator = Debug|iPhoneSimulator
		Debug|x64 = Debug|x64
		Debug|x86 = Debug|x86
		Release|Any CPU = Release|Any CPU
		Release|ARM = Release|ARM
		Release|iPhone = Release|iPhone
		Release|iPhoneSimulator = Release|iPhoneSimulator
		Release|x64 = Release|x64
		Release|x86 = Release|x86
	EndGlobalSection
	GlobalSection(ProjectConfigurationPlatforms) = postSolution
		{89DC3271-18F9-41A1-9FFA-67C56395A461}.Ad-Hoc|Any CPU.ActiveCfg = Debug|Any CPU
		{89DC3271-18F9-41A1-9FFA-67C56395A461}.Ad-Hoc|Any CPU.Build.0 = Debug|Any CPU
		{89DC3271-18F9-41A1-9FFA-67C56395A461}.Ad-Hoc|ARM.ActiveCfg = Debug|Any CPU
		{89DC3271-18F9-41A1-9FFA-67C56395A461}.Ad-Hoc|ARM.Build.0 = Debug|Any CPU
		{89DC3271-18F9-41A1-9FFA-67C56395A461}.Ad-Hoc|iPhone.ActiveCfg = Debug|Any CPU
		{89DC3271-18F9-41A1-9FFA-67C56395A461}.Ad-Hoc|iPhone.Build.0 = Debug|Any CPU
		{89DC3271-18F9-41A1-9FFA-67C56395A461}.Ad-Hoc|iPhoneSimulator.ActiveCfg = Debug|Any CPU
		{89DC3271-18F9-41A1-9FFA-67C56395A461}.Ad-Hoc|iPhoneSimulator.Build.0 = Debug|Any CPU
		{89DC3271-18F9-41A1-9FFA-67C56395A461}.Ad-Hoc|x64.ActiveCfg = Debug|Any CPU
		{89DC3271-18F9-41A1-9FFA-67C56395A461}.Ad-Hoc|x64.Build.0 = Debug|Any CPU
		{89DC3271-18F9-41A1-9FFA-67C56395A461}.Ad-Hoc|x86.ActiveCfg = Debug|Any CPU
		{89DC3271-18F9-41A1-9FFA-67C56395A461}.Ad-Hoc|x86.Build.0 = Debug|Any CPU
		{89DC3271-18F9-41A1-9FFA-67C56395A461}.AppStore|Any CPU.ActiveCfg = Debug|Any CPU
		{89DC3271-18F9-41A1-9FFA-67C56395A461}.AppStore|Any CPU.Build.0 = Debug|Any CPU
		{89DC3271-18F9-41A1-9FFA-67C56395A461}.AppStore|ARM.ActiveCfg = Debug|Any CPU
		{89DC3271-18F9-41A1-9FFA-67C56395A461}.AppStore|ARM.Build.0 = Debug|Any CPU
		{89DC3271-18F9-41A1-9FFA-67C56395A461}.AppStore|iPhone.ActiveCfg = Debug|Any CPU
		{89DC3271-18F9-41A1-9FFA-67C56395A461}.AppStore|iPhone.Build.0 = Debug|Any CPU
		{89DC3271-18F9-41A1-9FFA-67C56395A461}.AppStore|iPhoneSimulator.ActiveCfg = Debug|Any CPU
		{89DC3271-18F9-41A1-9FFA-67C56395A461}.AppStore|iPhoneSimulator.Build.0 = Debug|Any CPU
		{89DC3271-18F9-41A1-9FFA-67C56395A461}.AppStore|x64.ActiveCfg = Debug|Any CPU
		{89DC3271-18F9-41A1-9FFA-67C56395A461}.AppStore|x64.Build.0 = Debug|Any CPU
		{89DC3271-18F9-41A1-9FFA-67C56395A461}.AppStore|x86.ActiveCfg = Debug|Any CPU
		{89DC3271-18F9-41A1-9FFA-67C56395A461}.AppStore|x86.Build.0 = Debug|Any CPU
		{89DC3271-18F9-41A1-9FFA-67C56395A461}.Debug|Any CPU.ActiveCfg = Debug|Any CPU
		{89DC3271-18F9-41A1-9FFA-67C56395A461}.Debug|Any CPU.Build.0 = Debug|Any CPU
		{89DC3271-18F9-41A1-9FFA-67C56395A461}.Debug|ARM.ActiveCfg = Debug|Any CPU
		{89DC3271-18F9-41A1-9FFA-67C56395A461}.Debug|ARM.Build.0 = Debug|Any CPU
		{89DC3271-18F9-41A1-9FFA-67C56395A461}.Debug|iPhone.ActiveCfg = Debug|Any CPU
		{89DC3271-18F9-41A1-9FFA-67C56395A461}.Debug|iPhone.Build.0 = Debug|Any CPU
		{89DC3271-18F9-41A1-9FFA-67C56395A461}.Debug|iPhoneSimulator.ActiveCfg = Debug|Any CPU
		{89DC3271-18F9-41A1-9FFA-67C56395A461}.Debug|iPhoneSimulator.Build.0 = Debug|Any CPU
		{89DC3271-18F9-41A1-9FFA-67C56395A461}.Debug|x64.ActiveCfg = Debug|Any CPU
		{89DC3271-18F9-41A1-9FFA-67C56395A461}.Debug|x64.Build.0 = Debug|Any CPU
		{89DC3271-18F9-41A1-9FFA-67C56395A461}.Debug|x86.ActiveCfg = Debug|Any CPU
		{89DC3271-18F9-41A1-9FFA-67C56395A461}.Debug|x86.Build.0 = Debug|Any CPU
		{89DC3271-18F9-41A1-9FFA-67C56395A461}.Release|Any CPU.ActiveCfg = Release|Any CPU
		{89DC3271-18F9-41A1-9FFA-67C56395A461}.Release|Any CPU.Build.0 = Release|Any CPU
		{89DC3271-18F9-41A1-9FFA-67C56395A461}.Release|ARM.ActiveCfg = Release|Any CPU
		{89DC3271-18F9-41A1-9FFA-67C56395A461}.Release|ARM.Build.0 = Release|Any CPU
		{89DC3271-18F9-41A1-9FFA-67C56395A461}.Release|iPhone.ActiveCfg = Release|Any CPU
		{89DC3271-18F9-41A1-9FFA-67C56395A461}.Release|iPhone.Build.0 = Release|Any CPU
		{89DC3271-18F9-41A1-9FFA-67C56395A461}.Release|iPhoneSimulator.ActiveCfg = Release|Any CPU
		{89DC3271-18F9-41A1-9FFA-67C56395A461}.Release|iPhoneSimulator.Build.0 = Release|Any CPU
		{89DC3271-18F9-41A1-9FFA-67C56395A461}.Release|x64.ActiveCfg = Release|Any CPU
		{89DC3271-18F9-41A1-9FFA-67C56395A461}.Release|x64.Build.0 = Release|Any CPU
		{89DC3271-18F9-41A1-9FFA-67C56395A461}.Release|x86.ActiveCfg = Release|Any CPU
		{89DC3271-18F9-41A1-9FFA-67C56395A461}.Release|x86.Build.0 = Release|Any CPU
		{A6E6D4BF-292D-491B-B4AA-23C26CDFBE65}.Ad-Hoc|Any CPU.ActiveCfg = Release|Any CPU
		{A6E6D4BF-292D-491B-B4AA-23C26CDFBE65}.Ad-Hoc|Any CPU.Build.0 = Release|Any CPU
		{A6E6D4BF-292D-491B-B4AA-23C26CDFBE65}.Ad-Hoc|Any CPU.Deploy.0 = Release|Any CPU
		{A6E6D4BF-292D-491B-B4AA-23C26CDFBE65}.Ad-Hoc|ARM.ActiveCfg = Release|Any CPU
		{A6E6D4BF-292D-491B-B4AA-23C26CDFBE65}.Ad-Hoc|ARM.Build.0 = Release|Any CPU
		{A6E6D4BF-292D-491B-B4AA-23C26CDFBE65}.Ad-Hoc|ARM.Deploy.0 = Release|Any CPU
		{A6E6D4BF-292D-491B-B4AA-23C26CDFBE65}.Ad-Hoc|iPhone.ActiveCfg = Release|Any CPU
		{A6E6D4BF-292D-491B-B4AA-23C26CDFBE65}.Ad-Hoc|iPhone.Build.0 = Release|Any CPU
		{A6E6D4BF-292D-491B-B4AA-23C26CDFBE65}.Ad-Hoc|iPhone.Deploy.0 = Release|Any CPU
		{A6E6D4BF-292D-491B-B4AA-23C26CDFBE65}.Ad-Hoc|iPhoneSimulator.ActiveCfg = Release|Any CPU
		{A6E6D4BF-292D-491B-B4AA-23C26CDFBE65}.Ad-Hoc|iPhoneSimulator.Build.0 = Release|Any CPU
		{A6E6D4BF-292D-491B-B4AA-23C26CDFBE65}.Ad-Hoc|iPhoneSimulator.Deploy.0 = Release|Any CPU
		{A6E6D4BF-292D-491B-B4AA-23C26CDFBE65}.Ad-Hoc|x64.ActiveCfg = Release|Any CPU
		{A6E6D4BF-292D-491B-B4AA-23C26CDFBE65}.Ad-Hoc|x64.Build.0 = Release|Any CPU
		{A6E6D4BF-292D-491B-B4AA-23C26CDFBE65}.Ad-Hoc|x64.Deploy.0 = Release|Any CPU
		{A6E6D4BF-292D-491B-B4AA-23C26CDFBE65}.Ad-Hoc|x86.ActiveCfg = Release|Any CPU
		{A6E6D4BF-292D-491B-B4AA-23C26CDFBE65}.Ad-Hoc|x86.Build.0 = Release|Any CPU
		{A6E6D4BF-292D-491B-B4AA-23C26CDFBE65}.Ad-Hoc|x86.Deploy.0 = Release|Any CPU
		{A6E6D4BF-292D-491B-B4AA-23C26CDFBE65}.AppStore|Any CPU.ActiveCfg = Release|Any CPU
		{A6E6D4BF-292D-491B-B4AA-23C26CDFBE65}.AppStore|Any CPU.Build.0 = Release|Any CPU
		{A6E6D4BF-292D-491B-B4AA-23C26CDFBE65}.AppStore|Any CPU.Deploy.0 = Release|Any CPU
		{A6E6D4BF-292D-491B-B4AA-23C26CDFBE65}.AppStore|ARM.ActiveCfg = Release|Any CPU
		{A6E6D4BF-292D-491B-B4AA-23C26CDFBE65}.AppStore|ARM.Build.0 = Release|Any CPU
		{A6E6D4BF-292D-491B-B4AA-23C26CDFBE65}.AppStore|ARM.Deploy.0 = Release|Any CPU
		{A6E6D4BF-292D-491B-B4AA-23C26CDFBE65}.AppStore|iPhone.ActiveCfg = Release|Any CPU
		{A6E6D4BF-292D-491B-B4AA-23C26CDFBE65}.AppStore|iPhone.Build.0 = Release|Any CPU
		{A6E6D4BF-292D-491B-B4AA-23C26CDFBE65}.AppStore|iPhone.Deploy.0 = Release|Any CPU
		{A6E6D4BF-292D-491B-B4AA-23C26CDFBE65}.AppStore|iPhoneSimulator.ActiveCfg = Release|Any CPU
		{A6E6D4BF-292D-491B-B4AA-23C26CDFBE65}.AppStore|iPhoneSimulator.Build.0 = Release|Any CPU
		{A6E6D4BF-292D-491B-B4AA-23C26CDFBE65}.AppStore|iPhoneSimulator.Deploy.0 = Release|Any CPU
		{A6E6D4BF-292D-491B-B4AA-23C26CDFBE65}.AppStore|x64.ActiveCfg = Release|Any CPU
		{A6E6D4BF-292D-491B-B4AA-23C26CDFBE65}.AppStore|x64.Build.0 = Release|Any CPU
		{A6E6D4BF-292D-491B-B4AA-23C26CDFBE65}.AppStore|x64.Deploy.0 = Release|Any CPU
		{A6E6D4BF-292D-491B-B4AA-23C26CDFBE65}.AppStore|x86.ActiveCfg = Release|Any CPU
		{A6E6D4BF-292D-491B-B4AA-23C26CDFBE65}.AppStore|x86.Build.0 = Release|Any CPU
		{A6E6D4BF-292D-491B-B4AA-23C26CDFBE65}.AppStore|x86.Deploy.0 = Release|Any CPU
		{A6E6D4BF-292D-491B-B4AA-23C26CDFBE65}.Debug|Any CPU.ActiveCfg = Debug|Any CPU
		{A6E6D4BF-292D-491B-B4AA-23C26CDFBE65}.Debug|Any CPU.Build.0 = Debug|Any CPU
		{A6E6D4BF-292D-491B-B4AA-23C26CDFBE65}.Debug|Any CPU.Deploy.0 = Debug|Any CPU
		{A6E6D4BF-292D-491B-B4AA-23C26CDFBE65}.Debug|ARM.ActiveCfg = Debug|Any CPU
		{A6E6D4BF-292D-491B-B4AA-23C26CDFBE65}.Debug|ARM.Build.0 = Debug|Any CPU
		{A6E6D4BF-292D-491B-B4AA-23C26CDFBE65}.Debug|ARM.Deploy.0 = Debug|Any CPU
		{A6E6D4BF-292D-491B-B4AA-23C26CDFBE65}.Debug|iPhone.ActiveCfg = Debug|Any CPU
		{A6E6D4BF-292D-491B-B4AA-23C26CDFBE65}.Debug|iPhone.Build.0 = Debug|Any CPU
		{A6E6D4BF-292D-491B-B4AA-23C26CDFBE65}.Debug|iPhone.Deploy.0 = Debug|Any CPU
		{A6E6D4BF-292D-491B-B4AA-23C26CDFBE65}.Debug|iPhoneSimulator.ActiveCfg = Debug|Any CPU
		{A6E6D4BF-292D-491B-B4AA-23C26CDFBE65}.Debug|iPhoneSimulator.Build.0 = Debug|Any CPU
		{A6E6D4BF-292D-491B-B4AA-23C26CDFBE65}.Debug|iPhoneSimulator.Deploy.0 = Debug|Any CPU
		{A6E6D4BF-292D-491B-B4AA-23C26CDFBE65}.Debug|x64.ActiveCfg = Debug|Any CPU
		{A6E6D4BF-292D-491B-B4AA-23C26CDFBE65}.Debug|x64.Build.0 = Debug|Any CPU
		{A6E6D4BF-292D-491B-B4AA-23C26CDFBE65}.Debug|x64.Deploy.0 = Debug|Any CPU
		{A6E6D4BF-292D-491B-B4AA-23C26CDFBE65}.Debug|x86.ActiveCfg = Debug|Any CPU
		{A6E6D4BF-292D-491B-B4AA-23C26CDFBE65}.Debug|x86.Build.0 = Debug|Any CPU
		{A6E6D4BF-292D-491B-B4AA-23C26CDFBE65}.Debug|x86.Deploy.0 = Debug|Any CPU
		{A6E6D4BF-292D-491B-B4AA-23C26CDFBE65}.Release|Any CPU.ActiveCfg = Release|Any CPU
		{A6E6D4BF-292D-491B-B4AA-23C26CDFBE65}.Release|Any CPU.Build.0 = Release|Any CPU
		{A6E6D4BF-292D-491B-B4AA-23C26CDFBE65}.Release|Any CPU.Deploy.0 = Release|Any CPU
		{A6E6D4BF-292D-491B-B4AA-23C26CDFBE65}.Release|ARM.ActiveCfg = Release|Any CPU
		{A6E6D4BF-292D-491B-B4AA-23C26CDFBE65}.Release|ARM.Build.0 = Release|Any CPU
		{A6E6D4BF-292D-491B-B4AA-23C26CDFBE65}.Release|ARM.Deploy.0 = Release|Any CPU
		{A6E6D4BF-292D-491B-B4AA-23C26CDFBE65}.Release|iPhone.ActiveCfg = Release|Any CPU
		{A6E6D4BF-292D-491B-B4AA-23C26CDFBE65}.Release|iPhone.Build.0 = Release|Any CPU
		{A6E6D4BF-292D-491B-B4AA-23C26CDFBE65}.Release|iPhone.Deploy.0 = Release|Any CPU
		{A6E6D4BF-292D-491B-B4AA-23C26CDFBE65}.Release|iPhoneSimulator.ActiveCfg = Release|Any CPU
		{A6E6D4BF-292D-491B-B4AA-23C26CDFBE65}.Release|iPhoneSimulator.Build.0 = Release|Any CPU
		{A6E6D4BF-292D-491B-B4AA-23C26CDFBE65}.Release|iPhoneSimulator.Deploy.0 = Release|Any CPU
		{A6E6D4BF-292D-491B-B4AA-23C26CDFBE65}.Release|x64.ActiveCfg = Release|Any CPU
		{A6E6D4BF-292D-491B-B4AA-23C26CDFBE65}.Release|x64.Build.0 = Release|Any CPU
		{A6E6D4BF-292D-491B-B4AA-23C26CDFBE65}.Release|x64.Deploy.0 = Release|Any CPU
		{A6E6D4BF-292D-491B-B4AA-23C26CDFBE65}.Release|x86.ActiveCfg = Release|Any CPU
		{A6E6D4BF-292D-491B-B4AA-23C26CDFBE65}.Release|x86.Build.0 = Release|Any CPU
		{A6E6D4BF-292D-491B-B4AA-23C26CDFBE65}.Release|x86.Deploy.0 = Release|Any CPU
		{24FB5826-B32D-44DD-9485-DA6756B55ACB}.Ad-Hoc|Any CPU.ActiveCfg = Ad-Hoc|iPhone
		{24FB5826-B32D-44DD-9485-DA6756B55ACB}.Ad-Hoc|ARM.ActiveCfg = Ad-Hoc|iPhone
		{24FB5826-B32D-44DD-9485-DA6756B55ACB}.Ad-Hoc|iPhone.ActiveCfg = Ad-Hoc|iPhone
		{24FB5826-B32D-44DD-9485-DA6756B55ACB}.Ad-Hoc|iPhone.Build.0 = Ad-Hoc|iPhone
		{24FB5826-B32D-44DD-9485-DA6756B55ACB}.Ad-Hoc|iPhoneSimulator.ActiveCfg = Ad-Hoc|iPhoneSimulator
		{24FB5826-B32D-44DD-9485-DA6756B55ACB}.Ad-Hoc|iPhoneSimulator.Build.0 = Ad-Hoc|iPhoneSimulator
		{24FB5826-B32D-44DD-9485-DA6756B55ACB}.Ad-Hoc|x64.ActiveCfg = Ad-Hoc|iPhone
		{24FB5826-B32D-44DD-9485-DA6756B55ACB}.Ad-Hoc|x86.ActiveCfg = Ad-Hoc|iPhone
		{24FB5826-B32D-44DD-9485-DA6756B55ACB}.AppStore|Any CPU.ActiveCfg = AppStore|iPhone
		{24FB5826-B32D-44DD-9485-DA6756B55ACB}.AppStore|ARM.ActiveCfg = AppStore|iPhone
		{24FB5826-B32D-44DD-9485-DA6756B55ACB}.AppStore|iPhone.ActiveCfg = AppStore|iPhone
		{24FB5826-B32D-44DD-9485-DA6756B55ACB}.AppStore|iPhone.Build.0 = AppStore|iPhone
		{24FB5826-B32D-44DD-9485-DA6756B55ACB}.AppStore|iPhoneSimulator.ActiveCfg = AppStore|iPhoneSimulator
		{24FB5826-B32D-44DD-9485-DA6756B55ACB}.AppStore|iPhoneSimulator.Build.0 = AppStore|iPhoneSimulator
		{24FB5826-B32D-44DD-9485-DA6756B55ACB}.AppStore|x64.ActiveCfg = AppStore|iPhone
		{24FB5826-B32D-44DD-9485-DA6756B55ACB}.AppStore|x86.ActiveCfg = AppStore|iPhone
		{24FB5826-B32D-44DD-9485-DA6756B55ACB}.Debug|Any CPU.ActiveCfg = Debug|iPhoneSimulator
		{24FB5826-B32D-44DD-9485-DA6756B55ACB}.Debug|Any CPU.Build.0 = Debug|iPhoneSimulator
		{24FB5826-B32D-44DD-9485-DA6756B55ACB}.Debug|ARM.ActiveCfg = Debug|iPhone
		{24FB5826-B32D-44DD-9485-DA6756B55ACB}.Debug|iPhone.ActiveCfg = Debug|iPhone
		{24FB5826-B32D-44DD-9485-DA6756B55ACB}.Debug|iPhone.Build.0 = Debug|iPhone
		{24FB5826-B32D-44DD-9485-DA6756B55ACB}.Debug|iPhoneSimulator.ActiveCfg = Debug|iPhoneSimulator
		{24FB5826-B32D-44DD-9485-DA6756B55ACB}.Debug|iPhoneSimulator.Build.0 = Debug|iPhoneSimulator
		{24FB5826-B32D-44DD-9485-DA6756B55ACB}.Debug|x64.ActiveCfg = Debug|iPhone
		{24FB5826-B32D-44DD-9485-DA6756B55ACB}.Debug|x86.ActiveCfg = Debug|iPhone
		{24FB5826-B32D-44DD-9485-DA6756B55ACB}.Release|Any CPU.ActiveCfg = Release|iPhone
		{24FB5826-B32D-44DD-9485-DA6756B55ACB}.Release|ARM.ActiveCfg = Release|iPhone
		{24FB5826-B32D-44DD-9485-DA6756B55ACB}.Release|iPhone.ActiveCfg = Release|iPhone
		{24FB5826-B32D-44DD-9485-DA6756B55ACB}.Release|iPhone.Build.0 = Release|iPhone
		{24FB5826-B32D-44DD-9485-DA6756B55ACB}.Release|iPhoneSimulator.ActiveCfg = Release|iPhoneSimulator
		{24FB5826-B32D-44DD-9485-DA6756B55ACB}.Release|iPhoneSimulator.Build.0 = Release|iPhoneSimulator
		{24FB5826-B32D-44DD-9485-DA6756B55ACB}.Release|x64.ActiveCfg = Release|iPhone
		{24FB5826-B32D-44DD-9485-DA6756B55ACB}.Release|x86.ActiveCfg = Release|iPhone
		{3238FDD4-D442-4565-A8AF-15D89EA41437}.Ad-Hoc|Any CPU.ActiveCfg = Release|x86
		{3238FDD4-D442-4565-A8AF-15D89EA41437}.Ad-Hoc|Any CPU.Build.0 = Release|x86
		{3238FDD4-D442-4565-A8AF-15D89EA41437}.Ad-Hoc|Any CPU.Deploy.0 = Release|x86
		{3238FDD4-D442-4565-A8AF-15D89EA41437}.Ad-Hoc|ARM.ActiveCfg = Release|ARM
		{3238FDD4-D442-4565-A8AF-15D89EA41437}.Ad-Hoc|ARM.Build.0 = Release|ARM
		{3238FDD4-D442-4565-A8AF-15D89EA41437}.Ad-Hoc|ARM.Deploy.0 = Release|ARM
		{3238FDD4-D442-4565-A8AF-15D89EA41437}.Ad-Hoc|iPhone.ActiveCfg = Release|x86
		{3238FDD4-D442-4565-A8AF-15D89EA41437}.Ad-Hoc|iPhone.Build.0 = Release|x86
		{3238FDD4-D442-4565-A8AF-15D89EA41437}.Ad-Hoc|iPhone.Deploy.0 = Release|x86
		{3238FDD4-D442-4565-A8AF-15D89EA41437}.Ad-Hoc|iPhoneSimulator.ActiveCfg = Release|x86
		{3238FDD4-D442-4565-A8AF-15D89EA41437}.Ad-Hoc|iPhoneSimulator.Build.0 = Release|x86
		{3238FDD4-D442-4565-A8AF-15D89EA41437}.Ad-Hoc|iPhoneSimulator.Deploy.0 = Release|x86
		{3238FDD4-D442-4565-A8AF-15D89EA41437}.Ad-Hoc|x64.ActiveCfg = Release|x64
		{3238FDD4-D442-4565-A8AF-15D89EA41437}.Ad-Hoc|x64.Build.0 = Release|x64
		{3238FDD4-D442-4565-A8AF-15D89EA41437}.Ad-Hoc|x64.Deploy.0 = Release|x64
		{3238FDD4-D442-4565-A8AF-15D89EA41437}.Ad-Hoc|x86.ActiveCfg = Release|x86
		{3238FDD4-D442-4565-A8AF-15D89EA41437}.Ad-Hoc|x86.Build.0 = Release|x86
		{3238FDD4-D442-4565-A8AF-15D89EA41437}.Ad-Hoc|x86.Deploy.0 = Release|x86
		{3238FDD4-D442-4565-A8AF-15D89EA41437}.AppStore|Any CPU.ActiveCfg = Release|x86
		{3238FDD4-D442-4565-A8AF-15D89EA41437}.AppStore|Any CPU.Build.0 = Release|x86
		{3238FDD4-D442-4565-A8AF-15D89EA41437}.AppStore|Any CPU.Deploy.0 = Release|x86
		{3238FDD4-D442-4565-A8AF-15D89EA41437}.AppStore|ARM.ActiveCfg = Release|ARM
		{3238FDD4-D442-4565-A8AF-15D89EA41437}.AppStore|ARM.Build.0 = Release|ARM
		{3238FDD4-D442-4565-A8AF-15D89EA41437}.AppStore|ARM.Deploy.0 = Release|ARM
		{3238FDD4-D442-4565-A8AF-15D89EA41437}.AppStore|iPhone.ActiveCfg = Release|x86
		{3238FDD4-D442-4565-A8AF-15D89EA41437}.AppStore|iPhone.Build.0 = Release|x86
		{3238FDD4-D442-4565-A8AF-15D89EA41437}.AppStore|iPhone.Deploy.0 = Release|x86
		{3238FDD4-D442-4565-A8AF-15D89EA41437}.AppStore|iPhoneSimulator.ActiveCfg = Release|x86
		{3238FDD4-D442-4565-A8AF-15D89EA41437}.AppStore|iPhoneSimulator.Build.0 = Release|x86
		{3238FDD4-D442-4565-A8AF-15D89EA41437}.AppStore|iPhoneSimulator.Deploy.0 = Release|x86
		{3238FDD4-D442-4565-A8AF-15D89EA41437}.AppStore|x64.ActiveCfg = Release|x64
		{3238FDD4-D442-4565-A8AF-15D89EA41437}.AppStore|x64.Build.0 = Release|x64
		{3238FDD4-D442-4565-A8AF-15D89EA41437}.AppStore|x64.Deploy.0 = Release|x64
		{3238FDD4-D442-4565-A8AF-15D89EA41437}.AppStore|x86.ActiveCfg = Release|x86
		{3238FDD4-D442-4565-A8AF-15D89EA41437}.AppStore|x86.Build.0 = Release|x86
		{3238FDD4-D442-4565-A8AF-15D89EA41437}.AppStore|x86.Deploy.0 = Release|x86
		{3238FDD4-D442-4565-A8AF-15D89EA41437}.Debug|Any CPU.ActiveCfg = Debug|x64
		{3238FDD4-D442-4565-A8AF-15D89EA41437}.Debug|Any CPU.Build.0 = Debug|x64
		{3238FDD4-D442-4565-A8AF-15D89EA41437}.Debug|ARM.ActiveCfg = Debug|ARM
		{3238FDD4-D442-4565-A8AF-15D89EA41437}.Debug|ARM.Build.0 = Debug|ARM
		{3238FDD4-D442-4565-A8AF-15D89EA41437}.Debug|ARM.Deploy.0 = Debug|ARM
		{3238FDD4-D442-4565-A8AF-15D89EA41437}.Debug|iPhone.ActiveCfg = Debug|x86
		{3238FDD4-D442-4565-A8AF-15D89EA41437}.Debug|iPhoneSimulator.ActiveCfg = Debug|x86
		{3238FDD4-D442-4565-A8AF-15D89EA41437}.Debug|x64.ActiveCfg = Debug|x64
		{3238FDD4-D442-4565-A8AF-15D89EA41437}.Debug|x64.Build.0 = Debug|x64
		{3238FDD4-D442-4565-A8AF-15D89EA41437}.Debug|x64.Deploy.0 = Debug|x64
		{3238FDD4-D442-4565-A8AF-15D89EA41437}.Debug|x86.ActiveCfg = Debug|x86
		{3238FDD4-D442-4565-A8AF-15D89EA41437}.Debug|x86.Build.0 = Debug|x86
		{3238FDD4-D442-4565-A8AF-15D89EA41437}.Debug|x86.Deploy.0 = Debug|x86
		{3238FDD4-D442-4565-A8AF-15D89EA41437}.Release|Any CPU.ActiveCfg = Release|x86
		{3238FDD4-D442-4565-A8AF-15D89EA41437}.Release|ARM.ActiveCfg = Release|ARM
		{3238FDD4-D442-4565-A8AF-15D89EA41437}.Release|ARM.Build.0 = Release|ARM
		{3238FDD4-D442-4565-A8AF-15D89EA41437}.Release|ARM.Deploy.0 = Release|ARM
		{3238FDD4-D442-4565-A8AF-15D89EA41437}.Release|iPhone.ActiveCfg = Release|x86
		{3238FDD4-D442-4565-A8AF-15D89EA41437}.Release|iPhoneSimulator.ActiveCfg = Release|x86
		{3238FDD4-D442-4565-A8AF-15D89EA41437}.Release|x64.ActiveCfg = Release|x64
		{3238FDD4-D442-4565-A8AF-15D89EA41437}.Release|x64.Build.0 = Release|x64
		{3238FDD4-D442-4565-A8AF-15D89EA41437}.Release|x64.Deploy.0 = Release|x64
		{3238FDD4-D442-4565-A8AF-15D89EA41437}.Release|x86.ActiveCfg = Release|x86
		{3238FDD4-D442-4565-A8AF-15D89EA41437}.Release|x86.Build.0 = Release|x86
		{3238FDD4-D442-4565-A8AF-15D89EA41437}.Release|x86.Deploy.0 = Release|x86
	EndGlobalSection
	GlobalSection(SolutionProperties) = preSolution
		HideSolutionNode = FALSE
	EndGlobalSection
	GlobalSection(ExtensibilityGlobals) = postSolution
		SolutionGuid = {B7CD45FA-61B5-45AC-96E3-DD0B133877DD}
	EndGlobalSection
EndGlobal
