
Microsoft Visual Studio Solution File, Format Version 12.00
# Visual Studio 15
VisualStudioVersion = 15.0.27130.2027
MinimumVisualStudioVersion = 10.0.40219.1
Project("{9A19103F-16F7-4668-BE54-9A1E7A4F7556}") = "WorkingWithListview", "WorkingWithListview\WorkingWithListview.csproj", "{2C0A8754-FFE3-439A-9280-5D82CF483F20}"
EndProject
Project("{FAE04EC0-301F-11D3-BF4B-00C04F79EFBC}") = "WorkingWithListview.Android", "WorkingWithListview.Android\WorkingWithListview.Android.csproj", "{3FDA88B9-2F76-4CEA-BF5B-B4BD01336FAD}"
EndProject
Project("{FAE04EC0-301F-11D3-BF4B-00C04F79EFBC}") = "WorkingWithListview.iOS", "WorkingWithListview.iOS\WorkingWithListview.iOS.csproj", "{740F38FD-7E55-4818-9C2C-786BE3FAAFEE}"
EndProject
Project("{FAE04EC0-301F-11D3-BF4B-00C04F79EFBC}") = "WorkingWithListview.UWP", "WorkingWithListview.UWP\WorkingWithListview.UWP.csproj", "{D1E98BA1-BFCC-46B7-88F4-165FC7BD6454}"
EndProject
Global
	GlobalSection(SolutionConfigurationPlatforms) = preSolution
		Ad-Hoc|Any CPU = Ad-Hoc|Any CPU
		Ad-Hoc|ARM = Ad-Hoc|ARM
		Ad-Hoc|iPhone = Ad-Hoc|iPhone
		Ad-Hoc|iPhoneSimulator = Ad-Hoc|iPhoneSimulator
		Ad-Hoc|x64 = Ad-Hoc|x64
		Ad-Hoc|x86 = Ad-Hoc|x86
		AppStore|Any CPU = AppStore|Any CPU
		AppStore|ARM = AppStore|ARM
		AppStore|iPhone = AppStore|iPhone
		AppStore|iPhoneSimulator = AppStore|iPhoneSimulator
		AppStore|x64 = AppStore|x64
		AppStore|x86 = AppStore|x86
		Debug|Any CPU = Debug|Any CPU
		Debug|ARM = Debug|ARM
		Debug|iPhone = Debug|iPhone
		Debug|iPhoneSimulator = Debug|iPhoneSimulator
		Debug|x64 = Debug|x64
		Debug|x86 = Debug|x86
		Release|Any CPU = Release|Any CPU
		Release|ARM = Release|ARM
		Release|iPhone = Release|iPhone
		Release|iPhoneSimulator = Release|iPhoneSimulator
		Release|x64 = Release|x64
		Release|x86 = Release|x86
	EndGlobalSection
	GlobalSection(ProjectConfigurationPlatforms) = postSolution
		{2C0A8754-FFE3-439A-9280-5D82CF483F20}.Ad-Hoc|Any CPU.ActiveCfg = Debug|Any CPU
		{2C0A8754-FFE3-439A-9280-5D82CF483F20}.Ad-Hoc|Any CPU.Build.0 = Debug|Any CPU
		{2C0A8754-FFE3-439A-9280-5D82CF483F20}.Ad-Hoc|ARM.ActiveCfg = Debug|Any CPU
		{2C0A8754-FFE3-439A-9280-5D82CF483F20}.Ad-Hoc|ARM.Build.0 = Debug|Any CPU
		{2C0A8754-FFE3-439A-9280-5D82CF483F20}.Ad-Hoc|iPhone.ActiveCfg = Debug|Any CPU
		{2C0A8754-FFE3-439A-9280-5D82CF483F20}.Ad-Hoc|iPhone.Build.0 = Debug|Any CPU
		{2C0A8754-FFE3-439A-9280-5D82CF483F20}.Ad-Hoc|iPhoneSimulator.ActiveCfg = Debug|Any CPU
		{2C0A8754-FFE3-439A-9280-5D82CF483F20}.Ad-Hoc|iPhoneSimulator.Build.0 = Debug|Any CPU
		{2C0A8754-FFE3-439A-9280-5D82CF483F20}.Ad-Hoc|x64.ActiveCfg = Debug|Any CPU
		{2C0A8754-FFE3-439A-9280-5D82CF483F20}.Ad-Hoc|x64.Build.0 = Debug|Any CPU
		{2C0A8754-FFE3-439A-9280-5D82CF483F20}.Ad-Hoc|x86.ActiveCfg = Debug|Any CPU
		{2C0A8754-FFE3-439A-9280-5D82CF483F20}.Ad-Hoc|x86.Build.0 = Debug|Any CPU
		{2C0A8754-FFE3-439A-9280-5D82CF483F20}.AppStore|Any CPU.ActiveCfg = Debug|Any CPU
		{2C0A8754-FFE3-439A-9280-5D82CF483F20}.AppStore|Any CPU.Build.0 = Debug|Any CPU
		{2C0A8754-FFE3-439A-9280-5D82CF483F20}.AppStore|ARM.ActiveCfg = Debug|Any CPU
		{2C0A8754-FFE3-439A-9280-5D82CF483F20}.AppStore|ARM.Build.0 = Debug|Any CPU
		{2C0A8754-FFE3-439A-9280-5D82CF483F20}.AppStore|iPhone.ActiveCfg = Debug|Any CPU
		{2C0A8754-FFE3-439A-9280-5D82CF483F20}.AppStore|iPhone.Build.0 = Debug|Any CPU
		{2C0A8754-FFE3-439A-9280-5D82CF483F20}.AppStore|iPhoneSimulator.ActiveCfg = Debug|Any CPU
		{2C0A8754-FFE3-439A-9280-5D82CF483F20}.AppStore|iPhoneSimulator.Build.0 = Debug|Any CPU
		{2C0A8754-FFE3-439A-9280-5D82CF483F20}.AppStore|x64.ActiveCfg = Debug|Any CPU
		{2C0A8754-FFE3-439A-9280-5D82CF483F20}.AppStore|x64.Build.0 = Debug|Any CPU
		{2C0A8754-FFE3-439A-9280-5D82CF483F20}.AppStore|x86.ActiveCfg = Debug|Any CPU
		{2C0A8754-FFE3-439A-9280-5D82CF483F20}.AppStore|x86.Build.0 = Debug|Any CPU
		{2C0A8754-FFE3-439A-9280-5D82CF483F20}.Debug|Any CPU.ActiveCfg = Debug|Any CPU
		{2C0A8754-FFE3-439A-9280-5D82CF483F20}.Debug|Any CPU.Build.0 = Debug|Any CPU
		{2C0A8754-FFE3-439A-9280-5D82CF483F20}.Debug|ARM.ActiveCfg = Debug|Any CPU
		{2C0A8754-FFE3-439A-9280-5D82CF483F20}.Debug|ARM.Build.0 = Debug|Any CPU
		{2C0A8754-FFE3-439A-9280-5D82CF483F20}.Debug|iPhone.ActiveCfg = Debug|Any CPU
		{2C0A8754-FFE3-439A-9280-5D82CF483F20}.Debug|iPhone.Build.0 = Debug|Any CPU
		{2C0A8754-FFE3-439A-9280-5D82CF483F20}.Debug|iPhoneSimulator.ActiveCfg = Debug|Any CPU
		{2C0A8754-FFE3-439A-9280-5D82CF483F20}.Debug|iPhoneSimulator.Build.0 = Debug|Any CPU
		{2C0A8754-FFE3-439A-9280-5D82CF483F20}.Debug|x64.ActiveCfg = Debug|Any CPU
		{2C0A8754-FFE3-439A-9280-5D82CF483F20}.Debug|x64.Build.0 = Debug|Any CPU
		{2C0A8754-FFE3-439A-9280-5D82CF483F20}.Debug|x86.ActiveCfg = Debug|Any CPU
		{2C0A8754-FFE3-439A-9280-5D82CF483F20}.Debug|x86.Build.0 = Debug|Any CPU
		{2C0A8754-FFE3-439A-9280-5D82CF483F20}.Release|Any CPU.ActiveCfg = Release|Any CPU
		{2C0A8754-FFE3-439A-9280-5D82CF483F20}.Release|Any CPU.Build.0 = Release|Any CPU
		{2C0A8754-FFE3-439A-9280-5D82CF483F20}.Release|ARM.ActiveCfg = Release|Any CPU
		{2C0A8754-FFE3-439A-9280-5D82CF483F20}.Release|ARM.Build.0 = Release|Any CPU
		{2C0A8754-FFE3-439A-9280-5D82CF483F20}.Release|iPhone.ActiveCfg = Release|Any CPU
		{2C0A8754-FFE3-439A-9280-5D82CF483F20}.Release|iPhone.Build.0 = Release|Any CPU
		{2C0A8754-FFE3-439A-9280-5D82CF483F20}.Release|iPhoneSimulator.ActiveCfg = Release|Any CPU
		{2C0A8754-FFE3-439A-9280-5D82CF483F20}.Release|iPhoneSimulator.Build.0 = Release|Any CPU
		{2C0A8754-FFE3-439A-9280-5D82CF483F20}.Release|x64.ActiveCfg = Release|Any CPU
		{2C0A8754-FFE3-439A-9280-5D82CF483F20}.Release|x64.Build.0 = Release|Any CPU
		{2C0A8754-FFE3-439A-9280-5D82CF483F20}.Release|x86.ActiveCfg = Release|Any CPU
		{2C0A8754-FFE3-439A-9280-5D82CF483F20}.Release|x86.Build.0 = Release|Any CPU
		{3FDA88B9-2F76-4CEA-BF5B-B4BD01336FAD}.Ad-Hoc|Any CPU.ActiveCfg = Release|Any CPU
		{3FDA88B9-2F76-4CEA-BF5B-B4BD01336FAD}.Ad-Hoc|Any CPU.Build.0 = Release|Any CPU
		{3FDA88B9-2F76-4CEA-BF5B-B4BD01336FAD}.Ad-Hoc|Any CPU.Deploy.0 = Release|Any CPU
		{3FDA88B9-2F76-4CEA-BF5B-B4BD01336FAD}.Ad-Hoc|ARM.ActiveCfg = Release|Any CPU
		{3FDA88B9-2F76-4CEA-BF5B-B4BD01336FAD}.Ad-Hoc|ARM.Build.0 = Release|Any CPU
		{3FDA88B9-2F76-4CEA-BF5B-B4BD01336FAD}.Ad-Hoc|ARM.Deploy.0 = Release|Any CPU
		{3FDA88B9-2F76-4CEA-BF5B-B4BD01336FAD}.Ad-Hoc|iPhone.ActiveCfg = Release|Any CPU
		{3FDA88B9-2F76-4CEA-BF5B-B4BD01336FAD}.Ad-Hoc|iPhone.Build.0 = Release|Any CPU
		{3FDA88B9-2F76-4CEA-BF5B-B4BD01336FAD}.Ad-Hoc|iPhone.Deploy.0 = Release|Any CPU
		{3FDA88B9-2F76-4CEA-BF5B-B4BD01336FAD}.Ad-Hoc|iPhoneSimulator.ActiveCfg = Release|Any CPU
		{3FDA88B9-2F76-4CEA-BF5B-B4BD01336FAD}.Ad-Hoc|iPhoneSimulator.Build.0 = Release|Any CPU
		{3FDA88B9-2F76-4CEA-BF5B-B4BD01336FAD}.Ad-Hoc|iPhoneSimulator.Deploy.0 = Release|Any CPU
		{3FDA88B9-2F76-4CEA-BF5B-B4BD01336FAD}.Ad-Hoc|x64.ActiveCfg = Release|Any CPU
		{3FDA88B9-2F76-4CEA-BF5B-B4BD01336FAD}.Ad-Hoc|x64.Build.0 = Release|Any CPU
		{3FDA88B9-2F76-4CEA-BF5B-B4BD01336FAD}.Ad-Hoc|x64.Deploy.0 = Release|Any CPU
		{3FDA88B9-2F76-4CEA-BF5B-B4BD01336FAD}.Ad-Hoc|x86.ActiveCfg = Release|Any CPU
		{3FDA88B9-2F76-4CEA-BF5B-B4BD01336FAD}.Ad-Hoc|x86.Build.0 = Release|Any CPU
		{3FDA88B9-2F76-4CEA-BF5B-B4BD01336FAD}.Ad-Hoc|x86.Deploy.0 = Release|Any CPU
		{3FDA88B9-2F76-4CEA-BF5B-B4BD01336FAD}.AppStore|Any CPU.ActiveCfg = Release|Any CPU
		{3FDA88B9-2F76-4CEA-BF5B-B4BD01336FAD}.AppStore|Any CPU.Build.0 = Release|Any CPU
		{3FDA88B9-2F76-4CEA-BF5B-B4BD01336FAD}.AppStore|Any CPU.Deploy.0 = Release|Any CPU
		{3FDA88B9-2F76-4CEA-BF5B-B4BD01336FAD}.AppStore|ARM.ActiveCfg = Release|Any CPU
		{3FDA88B9-2F76-4CEA-BF5B-B4BD01336FAD}.AppStore|ARM.Build.0 = Release|Any CPU
		{3FDA88B9-2F76-4CEA-BF5B-B4BD01336FAD}.AppStore|ARM.Deploy.0 = Release|Any CPU
		{3FDA88B9-2F76-4CEA-BF5B-B4BD01336FAD}.AppStore|iPhone.ActiveCfg = Release|Any CPU
		{3FDA88B9-2F76-4CEA-BF5B-B4BD01336FAD}.AppStore|iPhone.Build.0 = Release|Any CPU
		{3FDA88B9-2F76-4CEA-BF5B-B4BD01336FAD}.AppStore|iPhone.Deploy.0 = Release|Any CPU
		{3FDA88B9-2F76-4CEA-BF5B-B4BD01336FAD}.AppStore|iPhoneSimulator.ActiveCfg = Release|Any CPU
		{3FDA88B9-2F76-4CEA-BF5B-B4BD01336FAD}.AppStore|iPhoneSimulator.Build.0 = Release|Any CPU
		{3FDA88B9-2F76-4CEA-BF5B-B4BD01336FAD}.AppStore|iPhoneSimulator.Deploy.0 = Release|Any CPU
		{3FDA88B9-2F76-4CEA-BF5B-B4BD01336FAD}.AppStore|x64.ActiveCfg = Release|Any CPU
		{3FDA88B9-2F76-4CEA-BF5B-B4BD01336FAD}.AppStore|x64.Build.0 = Release|Any CPU
		{3FDA88B9-2F76-4CEA-BF5B-B4BD01336FAD}.AppStore|x64.Deploy.0 = Release|Any CPU
		{3FDA88B9-2F76-4CEA-BF5B-B4BD01336FAD}.AppStore|x86.ActiveCfg = Release|Any CPU
		{3FDA88B9-2F76-4CEA-BF5B-B4BD01336FAD}.AppStore|x86.Build.0 = Release|Any CPU
		{3FDA88B9-2F76-4CEA-BF5B-B4BD01336FAD}.AppStore|x86.Deploy.0 = Release|Any CPU
		{3FDA88B9-2F76-4CEA-BF5B-B4BD01336FAD}.Debug|Any CPU.ActiveCfg = Debug|Any CPU
		{3FDA88B9-2F76-4CEA-BF5B-B4BD01336FAD}.Debug|Any CPU.Build.0 = Debug|Any CPU
		{3FDA88B9-2F76-4CEA-BF5B-B4BD01336FAD}.Debug|Any CPU.Deploy.0 = Debug|Any CPU
		{3FDA88B9-2F76-4CEA-BF5B-B4BD01336FAD}.Debug|ARM.ActiveCfg = Debug|Any CPU
		{3FDA88B9-2F76-4CEA-BF5B-B4BD01336FAD}.Debug|ARM.Build.0 = Debug|Any CPU
		{3FDA88B9-2F76-4CEA-BF5B-B4BD01336FAD}.Debug|ARM.Deploy.0 = Debug|Any CPU
		{3FDA88B9-2F76-4CEA-BF5B-B4BD01336FAD}.Debug|iPhone.ActiveCfg = Debug|Any CPU
		{3FDA88B9-2F76-4CEA-BF5B-B4BD01336FAD}.Debug|iPhone.Build.0 = Debug|Any CPU
		{3FDA88B9-2F76-4CEA-BF5B-B4BD01336FAD}.Debug|iPhone.Deploy.0 = Debug|Any CPU
		{3FDA88B9-2F76-4CEA-BF5B-B4BD01336FAD}.Debug|iPhoneSimulator.ActiveCfg = Debug|Any CPU
		{3FDA88B9-2F76-4CEA-BF5B-B4BD01336FAD}.Debug|iPhoneSimulator.Build.0 = Debug|Any CPU
		{3FDA88B9-2F76-4CEA-BF5B-B4BD01336FAD}.Debug|iPhoneSimulator.Deploy.0 = Debug|Any CPU
		{3FDA88B9-2F76-4CEA-BF5B-B4BD01336FAD}.Debug|x64.ActiveCfg = Debug|Any CPU
		{3FDA88B9-2F76-4CEA-BF5B-B4BD01336FAD}.Debug|x64.Build.0 = Debug|Any CPU
		{3FDA88B9-2F76-4CEA-BF5B-B4BD01336FAD}.Debug|x64.Deploy.0 = Debug|Any CPU
		{3FDA88B9-2F76-4CEA-BF5B-B4BD01336FAD}.Debug|x86.ActiveCfg = Debug|Any CPU
		{3FDA88B9-2F76-4CEA-BF5B-B4BD01336FAD}.Debug|x86.Build.0 = Debug|Any CPU
		{3FDA88B9-2F76-4CEA-BF5B-B4BD01336FAD}.Debug|x86.Deploy.0 = Debug|Any CPU
		{3FDA88B9-2F76-4CEA-BF5B-B4BD01336FAD}.Release|Any CPU.ActiveCfg = Release|Any CPU
		{3FDA88B9-2F76-4CEA-BF5B-B4BD01336FAD}.Release|Any CPU.Build.0 = Release|Any CPU
		{3FDA88B9-2F76-4CEA-BF5B-B4BD01336FAD}.Release|Any CPU.Deploy.0 = Release|Any CPU
		{3FDA88B9-2F76-4CEA-BF5B-B4BD01336FAD}.Release|ARM.ActiveCfg = Release|Any CPU
		{3FDA88B9-2F76-4CEA-BF5B-B4BD01336FAD}.Release|ARM.Build.0 = Release|Any CPU
		{3FDA88B9-2F76-4CEA-BF5B-B4BD01336FAD}.Release|ARM.Deploy.0 = Release|Any CPU
		{3FDA88B9-2F76-4CEA-BF5B-B4BD01336FAD}.Release|iPhone.ActiveCfg = Release|Any CPU
		{3FDA88B9-2F76-4CEA-BF5B-B4BD01336FAD}.Release|iPhone.Build.0 = Release|Any CPU
		{3FDA88B9-2F76-4CEA-BF5B-B4BD01336FAD}.Release|iPhone.Deploy.0 = Release|Any CPU
		{3FDA88B9-2F76-4CEA-BF5B-B4BD01336FAD}.Release|iPhoneSimulator.ActiveCfg = Release|Any CPU
		{3FDA88B9-2F76-4CEA-BF5B-B4BD01336FAD}.Release|iPhoneSimulator.Build.0 = Release|Any CPU
		{3FDA88B9-2F76-4CEA-BF5B-B4BD01336FAD}.Release|iPhoneSimulator.Deploy.0 = Release|Any CPU
		{3FDA88B9-2F76-4CEA-BF5B-B4BD01336FAD}.Release|x64.ActiveCfg = Release|Any CPU
		{3FDA88B9-2F76-4CEA-BF5B-B4BD01336FAD}.Release|x64.Build.0 = Release|Any CPU
		{3FDA88B9-2F76-4CEA-BF5B-B4BD01336FAD}.Release|x64.Deploy.0 = Release|Any CPU
		{3FDA88B9-2F76-4CEA-BF5B-B4BD01336FAD}.Release|x86.ActiveCfg = Release|Any CPU
		{3FDA88B9-2F76-4CEA-BF5B-B4BD01336FAD}.Release|x86.Build.0 = Release|Any CPU
		{3FDA88B9-2F76-4CEA-BF5B-B4BD01336FAD}.Release|x86.Deploy.0 = Release|Any CPU
		{740F38FD-7E55-4818-9C2C-786BE3FAAFEE}.Ad-Hoc|Any CPU.ActiveCfg = Ad-Hoc|iPhone
		{740F38FD-7E55-4818-9C2C-786BE3FAAFEE}.Ad-Hoc|ARM.ActiveCfg = Ad-Hoc|iPhone
		{740F38FD-7E55-4818-9C2C-786BE3FAAFEE}.Ad-Hoc|iPhone.ActiveCfg = Ad-Hoc|iPhone
		{740F38FD-7E55-4818-9C2C-786BE3FAAFEE}.Ad-Hoc|iPhone.Build.0 = Ad-Hoc|iPhone
		{740F38FD-7E55-4818-9C2C-786BE3FAAFEE}.Ad-Hoc|iPhoneSimulator.ActiveCfg = Ad-Hoc|iPhoneSimulator
		{740F38FD-7E55-4818-9C2C-786BE3FAAFEE}.Ad-Hoc|iPhoneSimulator.Build.0 = Ad-Hoc|iPhoneSimulator
		{740F38FD-7E55-4818-9C2C-786BE3FAAFEE}.Ad-Hoc|x64.ActiveCfg = Ad-Hoc|iPhone
		{740F38FD-7E55-4818-9C2C-786BE3FAAFEE}.Ad-Hoc|x86.ActiveCfg = Ad-Hoc|iPhone
		{740F38FD-7E55-4818-9C2C-786BE3FAAFEE}.AppStore|Any CPU.ActiveCfg = AppStore|iPhone
		{740F38FD-7E55-4818-9C2C-786BE3FAAFEE}.AppStore|ARM.ActiveCfg = AppStore|iPhone
		{740F38FD-7E55-4818-9C2C-786BE3FAAFEE}.AppStore|iPhone.ActiveCfg = AppStore|iPhone
		{740F38FD-7E55-4818-9C2C-786BE3FAAFEE}.AppStore|iPhone.Build.0 = AppStore|iPhone
		{740F38FD-7E55-4818-9C2C-786BE3FAAFEE}.AppStore|iPhoneSimulator.ActiveCfg = AppStore|iPhoneSimulator
		{740F38FD-7E55-4818-9C2C-786BE3FAAFEE}.AppStore|iPhoneSimulator.Build.0 = AppStore|iPhoneSimulator
		{740F38FD-7E55-4818-9C2C-786BE3FAAFEE}.AppStore|x64.ActiveCfg = AppStore|iPhone
		{740F38FD-7E55-4818-9C2C-786BE3FAAFEE}.AppStore|x86.ActiveCfg = AppStore|iPhone
		{740F38FD-7E55-4818-9C2C-786BE3FAAFEE}.Debug|Any CPU.ActiveCfg = Debug|iPhone
		{740F38FD-7E55-4818-9C2C-786BE3FAAFEE}.Debug|Any CPU.Build.0 = Debug|iPhone
		{740F38FD-7E55-4818-9C2C-786BE3FAAFEE}.Debug|ARM.ActiveCfg = Debug|iPhone
		{740F38FD-7E55-4818-9C2C-786BE3FAAFEE}.Debug|iPhone.ActiveCfg = Debug|iPhone
		{740F38FD-7E55-4818-9C2C-786BE3FAAFEE}.Debug|iPhone.Build.0 = Debug|iPhone
		{740F38FD-7E55-4818-9C2C-786BE3FAAFEE}.Debug|iPhoneSimulator.ActiveCfg = Debug|iPhoneSimulator
		{740F38FD-7E55-4818-9C2C-786BE3FAAFEE}.Debug|iPhoneSimulator.Build.0 = Debug|iPhoneSimulator
		{740F38FD-7E55-4818-9C2C-786BE3FAAFEE}.Debug|x64.ActiveCfg = Debug|iPhone
		{740F38FD-7E55-4818-9C2C-786BE3FAAFEE}.Debug|x86.ActiveCfg = Debug|iPhone
		{740F38FD-7E55-4818-9C2C-786BE3FAAFEE}.Release|Any CPU.ActiveCfg = Release|iPhone
		{740F38FD-7E55-4818-9C2C-786BE3FAAFEE}.Release|ARM.ActiveCfg = Release|iPhone
		{740F38FD-7E55-4818-9C2C-786BE3FAAFEE}.Release|iPhone.ActiveCfg = Release|iPhone
		{740F38FD-7E55-4818-9C2C-786BE3FAAFEE}.Release|iPhone.Build.0 = Release|iPhone
		{740F38FD-7E55-4818-9C2C-786BE3FAAFEE}.Release|iPhoneSimulator.ActiveCfg = Release|iPhoneSimulator
		{740F38FD-7E55-4818-9C2C-786BE3FAAFEE}.Release|iPhoneSimulator.Build.0 = Release|iPhoneSimulator
		{740F38FD-7E55-4818-9C2C-786BE3FAAFEE}.Release|x64.ActiveCfg = Release|iPhone
		{740F38FD-7E55-4818-9C2C-786BE3FAAFEE}.Release|x86.ActiveCfg = Release|iPhone
		{D1E98BA1-BFCC-46B7-88F4-165FC7BD6454}.Ad-Hoc|Any CPU.ActiveCfg = Release|x86
		{D1E98BA1-BFCC-46B7-88F4-165FC7BD6454}.Ad-Hoc|Any CPU.Build.0 = Release|x86
		{D1E98BA1-BFCC-46B7-88F4-165FC7BD6454}.Ad-Hoc|Any CPU.Deploy.0 = Release|x86
		{D1E98BA1-BFCC-46B7-88F4-165FC7BD6454}.Ad-Hoc|ARM.ActiveCfg = Release|ARM
		{D1E98BA1-BFCC-46B7-88F4-165FC7BD6454}.Ad-Hoc|ARM.Build.0 = Release|ARM
		{D1E98BA1-BFCC-46B7-88F4-165FC7BD6454}.Ad-Hoc|ARM.Deploy.0 = Release|ARM
		{D1E98BA1-BFCC-46B7-88F4-165FC7BD6454}.Ad-Hoc|iPhone.ActiveCfg = Release|x86
		{D1E98BA1-BFCC-46B7-88F4-165FC7BD6454}.Ad-Hoc|iPhone.Build.0 = Release|x86
		{D1E98BA1-BFCC-46B7-88F4-165FC7BD6454}.Ad-Hoc|iPhone.Deploy.0 = Release|x86
		{D1E98BA1-BFCC-46B7-88F4-165FC7BD6454}.Ad-Hoc|iPhoneSimulator.ActiveCfg = Release|x86
		{D1E98BA1-BFCC-46B7-88F4-165FC7BD6454}.Ad-Hoc|iPhoneSimulator.Build.0 = Release|x86
		{D1E98BA1-BFCC-46B7-88F4-165FC7BD6454}.Ad-Hoc|iPhoneSimulator.Deploy.0 = Release|x86
		{D1E98BA1-BFCC-46B7-88F4-165FC7BD6454}.Ad-Hoc|x64.ActiveCfg = Release|x64
		{D1E98BA1-BFCC-46B7-88F4-165FC7BD6454}.Ad-Hoc|x64.Build.0 = Release|x64
		{D1E98BA1-BFCC-46B7-88F4-165FC7BD6454}.Ad-Hoc|x64.Deploy.0 = Release|x64
		{D1E98BA1-BFCC-46B7-88F4-165FC7BD6454}.Ad-Hoc|x86.ActiveCfg = Release|x86
		{D1E98BA1-BFCC-46B7-88F4-165FC7BD6454}.Ad-Hoc|x86.Build.0 = Release|x86
		{D1E98BA1-BFCC-46B7-88F4-165FC7BD6454}.Ad-Hoc|x86.Deploy.0 = Release|x86
		{D1E98BA1-BFCC-46B7-88F4-165FC7BD6454}.AppStore|Any CPU.ActiveCfg = Release|x86
		{D1E98BA1-BFCC-46B7-88F4-165FC7BD6454}.AppStore|Any CPU.Build.0 = Release|x86
		{D1E98BA1-BFCC-46B7-88F4-165FC7BD6454}.AppStore|Any CPU.Deploy.0 = Release|x86
		{D1E98BA1-BFCC-46B7-88F4-165FC7BD6454}.AppStore|ARM.ActiveCfg = Release|ARM
		{D1E98BA1-BFCC-46B7-88F4-165FC7BD6454}.AppStore|ARM.Build.0 = Release|ARM
		{D1E98BA1-BFCC-46B7-88F4-165FC7BD6454}.AppStore|ARM.Deploy.0 = Release|ARM
		{D1E98BA1-BFCC-46B7-88F4-165FC7BD6454}.AppStore|iPhone.ActiveCfg = Release|x86
		{D1E98BA1-BFCC-46B7-88F4-165FC7BD6454}.AppStore|iPhone.Build.0 = Release|x86
		{D1E98BA1-BFCC-46B7-88F4-165FC7BD6454}.AppStore|iPhone.Deploy.0 = Release|x86
		{D1E98BA1-BFCC-46B7-88F4-165FC7BD6454}.AppStore|iPhoneSimulator.ActiveCfg = Release|x86
		{D1E98BA1-BFCC-46B7-88F4-165FC7BD6454}.AppStore|iPhoneSimulator.Build.0 = Release|x86
		{D1E98BA1-BFCC-46B7-88F4-165FC7BD6454}.AppStore|iPhoneSimulator.Deploy.0 = Release|x86
		{D1E98BA1-BFCC-46B7-88F4-165FC7BD6454}.AppStore|x64.ActiveCfg = Release|x64
		{D1E98BA1-BFCC-46B7-88F4-165FC7BD6454}.AppStore|x64.Build.0 = Release|x64
		{D1E98BA1-BFCC-46B7-88F4-165FC7BD6454}.AppStore|x64.Deploy.0 = Release|x64
		{D1E98BA1-BFCC-46B7-88F4-165FC7BD6454}.AppStore|x86.ActiveCfg = Release|x86
		{D1E98BA1-BFCC-46B7-88F4-165FC7BD6454}.AppStore|x86.Build.0 = Release|x86
		{D1E98BA1-BFCC-46B7-88F4-165FC7BD6454}.AppStore|x86.Deploy.0 = Release|x86
		{D1E98BA1-BFCC-46B7-88F4-165FC7BD6454}.Debug|Any CPU.ActiveCfg = Debug|x64
		{D1E98BA1-BFCC-46B7-88F4-165FC7BD6454}.Debug|Any CPU.Build.0 = Debug|x64
		{D1E98BA1-BFCC-46B7-88F4-165FC7BD6454}.Debug|ARM.ActiveCfg = Debug|ARM
		{D1E98BA1-BFCC-46B7-88F4-165FC7BD6454}.Debug|ARM.Build.0 = Debug|ARM
		{D1E98BA1-BFCC-46B7-88F4-165FC7BD6454}.Debug|ARM.Deploy.0 = Debug|ARM
		{D1E98BA1-BFCC-46B7-88F4-165FC7BD6454}.Debug|iPhone.ActiveCfg = Debug|x86
		{D1E98BA1-BFCC-46B7-88F4-165FC7BD6454}.Debug|iPhoneSimulator.ActiveCfg = Debug|x86
		{D1E98BA1-BFCC-46B7-88F4-165FC7BD6454}.Debug|x64.ActiveCfg = Debug|x64
		{D1E98BA1-BFCC-46B7-88F4-165FC7BD6454}.Debug|x64.Build.0 = Debug|x64
		{D1E98BA1-BFCC-46B7-88F4-165FC7BD6454}.Debug|x64.Deploy.0 = Debug|x64
		{D1E98BA1-BFCC-46B7-88F4-165FC7BD6454}.Debug|x86.ActiveCfg = Debug|x86
		{D1E98BA1-BFCC-46B7-88F4-165FC7BD6454}.Debug|x86.Build.0 = Debug|x86
		{D1E98BA1-BFCC-46B7-88F4-165FC7BD6454}.Debug|x86.Deploy.0 = Debug|x86
		{D1E98BA1-BFCC-46B7-88F4-165FC7BD6454}.Release|Any CPU.ActiveCfg = Release|x86
		{D1E98BA1-BFCC-46B7-88F4-165FC7BD6454}.Release|ARM.ActiveCfg = Release|ARM
		{D1E98BA1-BFCC-46B7-88F4-165FC7BD6454}.Release|ARM.Build.0 = Release|ARM
		{D1E98BA1-BFCC-46B7-88F4-165FC7BD6454}.Release|ARM.Deploy.0 = Release|ARM
		{D1E98BA1-BFCC-46B7-88F4-165FC7BD6454}.Release|iPhone.ActiveCfg = Release|x86
		{D1E98BA1-BFCC-46B7-88F4-165FC7BD6454}.Release|iPhoneSimulator.ActiveCfg = Release|x86
		{D1E98BA1-BFCC-46B7-88F4-165FC7BD6454}.Release|x64.ActiveCfg = Release|x64
		{D1E98BA1-BFCC-46B7-88F4-165FC7BD6454}.Release|x64.Build.0 = Release|x64
		{D1E98BA1-BFCC-46B7-88F4-165FC7BD6454}.Release|x64.Deploy.0 = Release|x64
		{D1E98BA1-BFCC-46B7-88F4-165FC7BD6454}.Release|x86.ActiveCfg = Release|x86
		{D1E98BA1-BFCC-46B7-88F4-165FC7BD6454}.Release|x86.Build.0 = Release|x86
		{D1E98BA1-BFCC-46B7-88F4-165FC7BD6454}.Release|x86.Deploy.0 = Release|x86
	EndGlobalSection
	GlobalSection(SolutionProperties) = preSolution
		HideSolutionNode = FALSE
	EndGlobalSection
	GlobalSection(ExtensibilityGlobals) = postSolution
		SolutionGuid = {E91502B5-C767-48C4-AED5-DB8C1BC66F58}
	EndGlobalSection
EndGlobal
