
Microsoft Visual Studio Solution File, Format Version 12.00
# Visual Studio 15
VisualStudioVersion = 15.0.27130.2027
MinimumVisualStudioVersion = 10.0.40219.1
Project("{9A19103F-16F7-4668-BE54-9A1E7A4F7556}") = "InteractivityListView", "InteractivityListView\InteractivityListView.csproj", "{DD37157E-DFC4-4C46-B23C-0895F2EFF962}"
EndProject
Project("{FAE04EC0-301F-11D3-BF4B-00C04F79EFBC}") = "InteractivityListView.Android", "InteractivityListView.Android\InteractivityListView.Android.csproj", "{DCFC30B3-A4D3-48D8-9E19-5DA37C6E6B69}"
EndProject
Project("{FAE04EC0-301F-11D3-BF4B-00C04F79EFBC}") = "InteractivityListView.iOS", "InteractivityListView.iOS\InteractivityListView.iOS.csproj", "{C372E200-FD84-4A36-A988-027ABC0F1EE5}"
EndProject
Project("{FAE04EC0-301F-11D3-BF4B-00C04F79EFBC}") = "InteractivityListView.UWP", "InteractivityListView.UWP\InteractivityListView.UWP.csproj", "{8B5491AA-F246-40EE-A61A-AF49C163CC81}"
EndProject
Global
	GlobalSection(SolutionConfigurationPlatforms) = preSolution
		Ad-Hoc|Any CPU = Ad-Hoc|Any CPU
		Ad-Hoc|ARM = Ad-Hoc|ARM
		Ad-Hoc|iPhone = Ad-Hoc|iPhone
		Ad-Hoc|iPhoneSimulator = Ad-Hoc|iPhoneSimulator
		Ad-Hoc|x64 = Ad-Hoc|x64
		Ad-Hoc|x86 = Ad-Hoc|x86
		AppStore|Any CPU = AppStore|Any CPU
		AppStore|ARM = AppStore|ARM
		AppStore|iPhone = AppStore|iPhone
		AppStore|iPhoneSimulator = AppStore|iPhoneSimulator
		AppStore|x64 = AppStore|x64
		AppStore|x86 = AppStore|x86
		Debug|Any CPU = Debug|Any CPU
		Debug|ARM = Debug|ARM
		Debug|iPhone = Debug|iPhone
		Debug|iPhoneSimulator = Debug|iPhoneSimulator
		Debug|x64 = Debug|x64
		Debug|x86 = Debug|x86
		Release|Any CPU = Release|Any CPU
		Release|ARM = Release|ARM
		Release|iPhone = Release|iPhone
		Release|iPhoneSimulator = Release|iPhoneSimulator
		Release|x64 = Release|x64
		Release|x86 = Release|x86
	EndGlobalSection
	GlobalSection(ProjectConfigurationPlatforms) = postSolution
		{DD37157E-DFC4-4C46-B23C-0895F2EFF962}.Ad-Hoc|Any CPU.ActiveCfg = Debug|Any CPU
		{DD37157E-DFC4-4C46-B23C-0895F2EFF962}.Ad-Hoc|Any CPU.Build.0 = Debug|Any CPU
		{DD37157E-DFC4-4C46-B23C-0895F2EFF962}.Ad-Hoc|ARM.ActiveCfg = Debug|Any CPU
		{DD37157E-DFC4-4C46-B23C-0895F2EFF962}.Ad-Hoc|ARM.Build.0 = Debug|Any CPU
		{DD37157E-DFC4-4C46-B23C-0895F2EFF962}.Ad-Hoc|iPhone.ActiveCfg = Debug|Any CPU
		{DD37157E-DFC4-4C46-B23C-0895F2EFF962}.Ad-Hoc|iPhone.Build.0 = Debug|Any CPU
		{DD37157E-DFC4-4C46-B23C-0895F2EFF962}.Ad-Hoc|iPhoneSimulator.ActiveCfg = Debug|Any CPU
		{DD37157E-DFC4-4C46-B23C-0895F2EFF962}.Ad-Hoc|iPhoneSimulator.Build.0 = Debug|Any CPU
		{DD37157E-DFC4-4C46-B23C-0895F2EFF962}.Ad-Hoc|x64.ActiveCfg = Debug|Any CPU
		{DD37157E-DFC4-4C46-B23C-0895F2EFF962}.Ad-Hoc|x64.Build.0 = Debug|Any CPU
		{DD37157E-DFC4-4C46-B23C-0895F2EFF962}.Ad-Hoc|x86.ActiveCfg = Debug|Any CPU
		{DD37157E-DFC4-4C46-B23C-0895F2EFF962}.Ad-Hoc|x86.Build.0 = Debug|Any CPU
		{DD37157E-DFC4-4C46-B23C-0895F2EFF962}.AppStore|Any CPU.ActiveCfg = Debug|Any CPU
		{DD37157E-DFC4-4C46-B23C-0895F2EFF962}.AppStore|Any CPU.Build.0 = Debug|Any CPU
		{DD37157E-DFC4-4C46-B23C-0895F2EFF962}.AppStore|ARM.ActiveCfg = Debug|Any CPU
		{DD37157E-DFC4-4C46-B23C-0895F2EFF962}.AppStore|ARM.Build.0 = Debug|Any CPU
		{DD37157E-DFC4-4C46-B23C-0895F2EFF962}.AppStore|iPhone.ActiveCfg = Debug|Any CPU
		{DD37157E-DFC4-4C46-B23C-0895F2EFF962}.AppStore|iPhone.Build.0 = Debug|Any CPU
		{DD37157E-DFC4-4C46-B23C-0895F2EFF962}.AppStore|iPhoneSimulator.ActiveCfg = Debug|Any CPU
		{DD37157E-DFC4-4C46-B23C-0895F2EFF962}.AppStore|iPhoneSimulator.Build.0 = Debug|Any CPU
		{DD37157E-DFC4-4C46-B23C-0895F2EFF962}.AppStore|x64.ActiveCfg = Debug|Any CPU
		{DD37157E-DFC4-4C46-B23C-0895F2EFF962}.AppStore|x64.Build.0 = Debug|Any CPU
		{DD37157E-DFC4-4C46-B23C-0895F2EFF962}.AppStore|x86.ActiveCfg = Debug|Any CPU
		{DD37157E-DFC4-4C46-B23C-0895F2EFF962}.AppStore|x86.Build.0 = Debug|Any CPU
		{DD37157E-DFC4-4C46-B23C-0895F2EFF962}.Debug|Any CPU.ActiveCfg = Debug|Any CPU
		{DD37157E-DFC4-4C46-B23C-0895F2EFF962}.Debug|Any CPU.Build.0 = Debug|Any CPU
		{DD37157E-DFC4-4C46-B23C-0895F2EFF962}.Debug|ARM.ActiveCfg = Debug|Any CPU
		{DD37157E-DFC4-4C46-B23C-0895F2EFF962}.Debug|ARM.Build.0 = Debug|Any CPU
		{DD37157E-DFC4-4C46-B23C-0895F2EFF962}.Debug|iPhone.ActiveCfg = Debug|Any CPU
		{DD37157E-DFC4-4C46-B23C-0895F2EFF962}.Debug|iPhone.Build.0 = Debug|Any CPU
		{DD37157E-DFC4-4C46-B23C-0895F2EFF962}.Debug|iPhoneSimulator.ActiveCfg = Debug|Any CPU
		{DD37157E-DFC4-4C46-B23C-0895F2EFF962}.Debug|iPhoneSimulator.Build.0 = Debug|Any CPU
		{DD37157E-DFC4-4C46-B23C-0895F2EFF962}.Debug|x64.ActiveCfg = Debug|Any CPU
		{DD37157E-DFC4-4C46-B23C-0895F2EFF962}.Debug|x64.Build.0 = Debug|Any CPU
		{DD37157E-DFC4-4C46-B23C-0895F2EFF962}.Debug|x86.ActiveCfg = Debug|Any CPU
		{DD37157E-DFC4-4C46-B23C-0895F2EFF962}.Debug|x86.Build.0 = Debug|Any CPU
		{DD37157E-DFC4-4C46-B23C-0895F2EFF962}.Release|Any CPU.ActiveCfg = Release|Any CPU
		{DD37157E-DFC4-4C46-B23C-0895F2EFF962}.Release|Any CPU.Build.0 = Release|Any CPU
		{DD37157E-DFC4-4C46-B23C-0895F2EFF962}.Release|ARM.ActiveCfg = Release|Any CPU
		{DD37157E-DFC4-4C46-B23C-0895F2EFF962}.Release|ARM.Build.0 = Release|Any CPU
		{DD37157E-DFC4-4C46-B23C-0895F2EFF962}.Release|iPhone.ActiveCfg = Release|Any CPU
		{DD37157E-DFC4-4C46-B23C-0895F2EFF962}.Release|iPhone.Build.0 = Release|Any CPU
		{DD37157E-DFC4-4C46-B23C-0895F2EFF962}.Release|iPhoneSimulator.ActiveCfg = Release|Any CPU
		{DD37157E-DFC4-4C46-B23C-0895F2EFF962}.Release|iPhoneSimulator.Build.0 = Release|Any CPU
		{DD37157E-DFC4-4C46-B23C-0895F2EFF962}.Release|x64.ActiveCfg = Release|Any CPU
		{DD37157E-DFC4-4C46-B23C-0895F2EFF962}.Release|x64.Build.0 = Release|Any CPU
		{DD37157E-DFC4-4C46-B23C-0895F2EFF962}.Release|x86.ActiveCfg = Release|Any CPU
		{DD37157E-DFC4-4C46-B23C-0895F2EFF962}.Release|x86.Build.0 = Release|Any CPU
		{DCFC30B3-A4D3-48D8-9E19-5DA37C6E6B69}.Ad-Hoc|Any CPU.ActiveCfg = Release|Any CPU
		{DCFC30B3-A4D3-48D8-9E19-5DA37C6E6B69}.Ad-Hoc|Any CPU.Build.0 = Release|Any CPU
		{DCFC30B3-A4D3-48D8-9E19-5DA37C6E6B69}.Ad-Hoc|Any CPU.Deploy.0 = Release|Any CPU
		{DCFC30B3-A4D3-48D8-9E19-5DA37C6E6B69}.Ad-Hoc|ARM.ActiveCfg = Release|Any CPU
		{DCFC30B3-A4D3-48D8-9E19-5DA37C6E6B69}.Ad-Hoc|ARM.Build.0 = Release|Any CPU
		{DCFC30B3-A4D3-48D8-9E19-5DA37C6E6B69}.Ad-Hoc|ARM.Deploy.0 = Release|Any CPU
		{DCFC30B3-A4D3-48D8-9E19-5DA37C6E6B69}.Ad-Hoc|iPhone.ActiveCfg = Release|Any CPU
		{DCFC30B3-A4D3-48D8-9E19-5DA37C6E6B69}.Ad-Hoc|iPhone.Build.0 = Release|Any CPU
		{DCFC30B3-A4D3-48D8-9E19-5DA37C6E6B69}.Ad-Hoc|iPhone.Deploy.0 = Release|Any CPU
		{DCFC30B3-A4D3-48D8-9E19-5DA37C6E6B69}.Ad-Hoc|iPhoneSimulator.ActiveCfg = Release|Any CPU
		{DCFC30B3-A4D3-48D8-9E19-5DA37C6E6B69}.Ad-Hoc|iPhoneSimulator.Build.0 = Release|Any CPU
		{DCFC30B3-A4D3-48D8-9E19-5DA37C6E6B69}.Ad-Hoc|iPhoneSimulator.Deploy.0 = Release|Any CPU
		{DCFC30B3-A4D3-48D8-9E19-5DA37C6E6B69}.Ad-Hoc|x64.ActiveCfg = Release|Any CPU
		{DCFC30B3-A4D3-48D8-9E19-5DA37C6E6B69}.Ad-Hoc|x64.Build.0 = Release|Any CPU
		{DCFC30B3-A4D3-48D8-9E19-5DA37C6E6B69}.Ad-Hoc|x64.Deploy.0 = Release|Any CPU
		{DCFC30B3-A4D3-48D8-9E19-5DA37C6E6B69}.Ad-Hoc|x86.ActiveCfg = Release|Any CPU
		{DCFC30B3-A4D3-48D8-9E19-5DA37C6E6B69}.Ad-Hoc|x86.Build.0 = Release|Any CPU
		{DCFC30B3-A4D3-48D8-9E19-5DA37C6E6B69}.Ad-Hoc|x86.Deploy.0 = Release|Any CPU
		{DCFC30B3-A4D3-48D8-9E19-5DA37C6E6B69}.AppStore|Any CPU.ActiveCfg = Release|Any CPU
		{DCFC30B3-A4D3-48D8-9E19-5DA37C6E6B69}.AppStore|Any CPU.Build.0 = Release|Any CPU
		{DCFC30B3-A4D3-48D8-9E19-5DA37C6E6B69}.AppStore|Any CPU.Deploy.0 = Release|Any CPU
		{DCFC30B3-A4D3-48D8-9E19-5DA37C6E6B69}.AppStore|ARM.ActiveCfg = Release|Any CPU
		{DCFC30B3-A4D3-48D8-9E19-5DA37C6E6B69}.AppStore|ARM.Build.0 = Release|Any CPU
		{DCFC30B3-A4D3-48D8-9E19-5DA37C6E6B69}.AppStore|ARM.Deploy.0 = Release|Any CPU
		{DCFC30B3-A4D3-48D8-9E19-5DA37C6E6B69}.AppStore|iPhone.ActiveCfg = Release|Any CPU
		{DCFC30B3-A4D3-48D8-9E19-5DA37C6E6B69}.AppStore|iPhone.Build.0 = Release|Any CPU
		{DCFC30B3-A4D3-48D8-9E19-5DA37C6E6B69}.AppStore|iPhone.Deploy.0 = Release|Any CPU
		{DCFC30B3-A4D3-48D8-9E19-5DA37C6E6B69}.AppStore|iPhoneSimulator.ActiveCfg = Release|Any CPU
		{DCFC30B3-A4D3-48D8-9E19-5DA37C6E6B69}.AppStore|iPhoneSimulator.Build.0 = Release|Any CPU
		{DCFC30B3-A4D3-48D8-9E19-5DA37C6E6B69}.AppStore|iPhoneSimulator.Deploy.0 = Release|Any CPU
		{DCFC30B3-A4D3-48D8-9E19-5DA37C6E6B69}.AppStore|x64.ActiveCfg = Release|Any CPU
		{DCFC30B3-A4D3-48D8-9E19-5DA37C6E6B69}.AppStore|x64.Build.0 = Release|Any CPU
		{DCFC30B3-A4D3-48D8-9E19-5DA37C6E6B69}.AppStore|x64.Deploy.0 = Release|Any CPU
		{DCFC30B3-A4D3-48D8-9E19-5DA37C6E6B69}.AppStore|x86.ActiveCfg = Release|Any CPU
		{DCFC30B3-A4D3-48D8-9E19-5DA37C6E6B69}.AppStore|x86.Build.0 = Release|Any CPU
		{DCFC30B3-A4D3-48D8-9E19-5DA37C6E6B69}.AppStore|x86.Deploy.0 = Release|Any CPU
		{DCFC30B3-A4D3-48D8-9E19-5DA37C6E6B69}.Debug|Any CPU.ActiveCfg = Debug|Any CPU
		{DCFC30B3-A4D3-48D8-9E19-5DA37C6E6B69}.Debug|Any CPU.Build.0 = Debug|Any CPU
		{DCFC30B3-A4D3-48D8-9E19-5DA37C6E6B69}.Debug|Any CPU.Deploy.0 = Debug|Any CPU
		{DCFC30B3-A4D3-48D8-9E19-5DA37C6E6B69}.Debug|ARM.ActiveCfg = Debug|Any CPU
		{DCFC30B3-A4D3-48D8-9E19-5DA37C6E6B69}.Debug|ARM.Build.0 = Debug|Any CPU
		{DCFC30B3-A4D3-48D8-9E19-5DA37C6E6B69}.Debug|ARM.Deploy.0 = Debug|Any CPU
		{DCFC30B3-A4D3-48D8-9E19-5DA37C6E6B69}.Debug|iPhone.ActiveCfg = Debug|Any CPU
		{DCFC30B3-A4D3-48D8-9E19-5DA37C6E6B69}.Debug|iPhone.Build.0 = Debug|Any CPU
		{DCFC30B3-A4D3-48D8-9E19-5DA37C6E6B69}.Debug|iPhone.Deploy.0 = Debug|Any CPU
		{DCFC30B3-A4D3-48D8-9E19-5DA37C6E6B69}.Debug|iPhoneSimulator.ActiveCfg = Debug|Any CPU
		{DCFC30B3-A4D3-48D8-9E19-5DA37C6E6B69}.Debug|iPhoneSimulator.Build.0 = Debug|Any CPU
		{DCFC30B3-A4D3-48D8-9E19-5DA37C6E6B69}.Debug|iPhoneSimulator.Deploy.0 = Debug|Any CPU
		{DCFC30B3-A4D3-48D8-9E19-5DA37C6E6B69}.Debug|x64.ActiveCfg = Debug|Any CPU
		{DCFC30B3-A4D3-48D8-9E19-5DA37C6E6B69}.Debug|x64.Build.0 = Debug|Any CPU
		{DCFC30B3-A4D3-48D8-9E19-5DA37C6E6B69}.Debug|x64.Deploy.0 = Debug|Any CPU
		{DCFC30B3-A4D3-48D8-9E19-5DA37C6E6B69}.Debug|x86.ActiveCfg = Debug|Any CPU
		{DCFC30B3-A4D3-48D8-9E19-5DA37C6E6B69}.Debug|x86.Build.0 = Debug|Any CPU
		{DCFC30B3-A4D3-48D8-9E19-5DA37C6E6B69}.Debug|x86.Deploy.0 = Debug|Any CPU
		{DCFC30B3-A4D3-48D8-9E19-5DA37C6E6B69}.Release|Any CPU.ActiveCfg = Release|Any CPU
		{DCFC30B3-A4D3-48D8-9E19-5DA37C6E6B69}.Release|Any CPU.Build.0 = Release|Any CPU
		{DCFC30B3-A4D3-48D8-9E19-5DA37C6E6B69}.Release|Any CPU.Deploy.0 = Release|Any CPU
		{DCFC30B3-A4D3-48D8-9E19-5DA37C6E6B69}.Release|ARM.ActiveCfg = Release|Any CPU
		{DCFC30B3-A4D3-48D8-9E19-5DA37C6E6B69}.Release|ARM.Build.0 = Release|Any CPU
		{DCFC30B3-A4D3-48D8-9E19-5DA37C6E6B69}.Release|ARM.Deploy.0 = Release|Any CPU
		{DCFC30B3-A4D3-48D8-9E19-5DA37C6E6B69}.Release|iPhone.ActiveCfg = Release|Any CPU
		{DCFC30B3-A4D3-48D8-9E19-5DA37C6E6B69}.Release|iPhone.Build.0 = Release|Any CPU
		{DCFC30B3-A4D3-48D8-9E19-5DA37C6E6B69}.Release|iPhone.Deploy.0 = Release|Any CPU
		{DCFC30B3-A4D3-48D8-9E19-5DA37C6E6B69}.Release|iPhoneSimulator.ActiveCfg = Release|Any CPU
		{DCFC30B3-A4D3-48D8-9E19-5DA37C6E6B69}.Release|iPhoneSimulator.Build.0 = Release|Any CPU
		{DCFC30B3-A4D3-48D8-9E19-5DA37C6E6B69}.Release|iPhoneSimulator.Deploy.0 = Release|Any CPU
		{DCFC30B3-A4D3-48D8-9E19-5DA37C6E6B69}.Release|x64.ActiveCfg = Release|Any CPU
		{DCFC30B3-A4D3-48D8-9E19-5DA37C6E6B69}.Release|x64.Build.0 = Release|Any CPU
		{DCFC30B3-A4D3-48D8-9E19-5DA37C6E6B69}.Release|x64.Deploy.0 = Release|Any CPU
		{DCFC30B3-A4D3-48D8-9E19-5DA37C6E6B69}.Release|x86.ActiveCfg = Release|Any CPU
		{DCFC30B3-A4D3-48D8-9E19-5DA37C6E6B69}.Release|x86.Build.0 = Release|Any CPU
		{DCFC30B3-A4D3-48D8-9E19-5DA37C6E6B69}.Release|x86.Deploy.0 = Release|Any CPU
		{C372E200-FD84-4A36-A988-027ABC0F1EE5}.Ad-Hoc|Any CPU.ActiveCfg = Ad-Hoc|iPhone
		{C372E200-FD84-4A36-A988-027ABC0F1EE5}.Ad-Hoc|ARM.ActiveCfg = Ad-Hoc|iPhone
		{C372E200-FD84-4A36-A988-027ABC0F1EE5}.Ad-Hoc|iPhone.ActiveCfg = Ad-Hoc|iPhone
		{C372E200-FD84-4A36-A988-027ABC0F1EE5}.Ad-Hoc|iPhone.Build.0 = Ad-Hoc|iPhone
		{C372E200-FD84-4A36-A988-027ABC0F1EE5}.Ad-Hoc|iPhoneSimulator.ActiveCfg = Ad-Hoc|iPhoneSimulator
		{C372E200-FD84-4A36-A988-027ABC0F1EE5}.Ad-Hoc|iPhoneSimulator.Build.0 = Ad-Hoc|iPhoneSimulator
		{C372E200-FD84-4A36-A988-027ABC0F1EE5}.Ad-Hoc|x64.ActiveCfg = Ad-Hoc|iPhone
		{C372E200-FD84-4A36-A988-027ABC0F1EE5}.Ad-Hoc|x86.ActiveCfg = Ad-Hoc|iPhone
		{C372E200-FD84-4A36-A988-027ABC0F1EE5}.AppStore|Any CPU.ActiveCfg = AppStore|iPhone
		{C372E200-FD84-4A36-A988-027ABC0F1EE5}.AppStore|ARM.ActiveCfg = AppStore|iPhone
		{C372E200-FD84-4A36-A988-027ABC0F1EE5}.AppStore|iPhone.ActiveCfg = AppStore|iPhone
		{C372E200-FD84-4A36-A988-027ABC0F1EE5}.AppStore|iPhone.Build.0 = AppStore|iPhone
		{C372E200-FD84-4A36-A988-027ABC0F1EE5}.AppStore|iPhoneSimulator.ActiveCfg = AppStore|iPhoneSimulator
		{C372E200-FD84-4A36-A988-027ABC0F1EE5}.AppStore|iPhoneSimulator.Build.0 = AppStore|iPhoneSimulator
		{C372E200-FD84-4A36-A988-027ABC0F1EE5}.AppStore|x64.ActiveCfg = AppStore|iPhone
		{C372E200-FD84-4A36-A988-027ABC0F1EE5}.AppStore|x86.ActiveCfg = AppStore|iPhone
		{C372E200-FD84-4A36-A988-027ABC0F1EE5}.Debug|Any CPU.ActiveCfg = Debug|iPhone
		{C372E200-FD84-4A36-A988-027ABC0F1EE5}.Debug|ARM.ActiveCfg = Debug|iPhone
		{C372E200-FD84-4A36-A988-027ABC0F1EE5}.Debug|iPhone.ActiveCfg = Debug|iPhone
		{C372E200-FD84-4A36-A988-027ABC0F1EE5}.Debug|iPhone.Build.0 = Debug|iPhone
		{C372E200-FD84-4A36-A988-027ABC0F1EE5}.Debug|iPhoneSimulator.ActiveCfg = Debug|iPhoneSimulator
		{C372E200-FD84-4A36-A988-027ABC0F1EE5}.Debug|iPhoneSimulator.Build.0 = Debug|iPhoneSimulator
		{C372E200-FD84-4A36-A988-027ABC0F1EE5}.Debug|x64.ActiveCfg = Debug|iPhone
		{C372E200-FD84-4A36-A988-027ABC0F1EE5}.Debug|x86.ActiveCfg = Debug|iPhone
		{C372E200-FD84-4A36-A988-027ABC0F1EE5}.Release|Any CPU.ActiveCfg = Release|iPhone
		{C372E200-FD84-4A36-A988-027ABC0F1EE5}.Release|ARM.ActiveCfg = Release|iPhone
		{C372E200-FD84-4A36-A988-027ABC0F1EE5}.Release|iPhone.ActiveCfg = Release|iPhone
		{C372E200-FD84-4A36-A988-027ABC0F1EE5}.Release|iPhone.Build.0 = Release|iPhone
		{C372E200-FD84-4A36-A988-027ABC0F1EE5}.Release|iPhoneSimulator.ActiveCfg = Release|iPhoneSimulator
		{C372E200-FD84-4A36-A988-027ABC0F1EE5}.Release|iPhoneSimulator.Build.0 = Release|iPhoneSimulator
		{C372E200-FD84-4A36-A988-027ABC0F1EE5}.Release|x64.ActiveCfg = Release|iPhone
		{C372E200-FD84-4A36-A988-027ABC0F1EE5}.Release|x86.ActiveCfg = Release|iPhone
		{8B5491AA-F246-40EE-A61A-AF49C163CC81}.Ad-Hoc|Any CPU.ActiveCfg = Release|x86
		{8B5491AA-F246-40EE-A61A-AF49C163CC81}.Ad-Hoc|Any CPU.Build.0 = Release|x86
		{8B5491AA-F246-40EE-A61A-AF49C163CC81}.Ad-Hoc|Any CPU.Deploy.0 = Release|x86
		{8B5491AA-F246-40EE-A61A-AF49C163CC81}.Ad-Hoc|ARM.ActiveCfg = Release|ARM
		{8B5491AA-F246-40EE-A61A-AF49C163CC81}.Ad-Hoc|ARM.Build.0 = Release|ARM
		{8B5491AA-F246-40EE-A61A-AF49C163CC81}.Ad-Hoc|ARM.Deploy.0 = Release|ARM
		{8B5491AA-F246-40EE-A61A-AF49C163CC81}.Ad-Hoc|iPhone.ActiveCfg = Release|x86
		{8B5491AA-F246-40EE-A61A-AF49C163CC81}.Ad-Hoc|iPhone.Build.0 = Release|x86
		{8B5491AA-F246-40EE-A61A-AF49C163CC81}.Ad-Hoc|iPhone.Deploy.0 = Release|x86
		{8B5491AA-F246-40EE-A61A-AF49C163CC81}.Ad-Hoc|iPhoneSimulator.ActiveCfg = Release|x86
		{8B5491AA-F246-40EE-A61A-AF49C163CC81}.Ad-Hoc|iPhoneSimulator.Build.0 = Release|x86
		{8B5491AA-F246-40EE-A61A-AF49C163CC81}.Ad-Hoc|iPhoneSimulator.Deploy.0 = Release|x86
		{8B5491AA-F246-40EE-A61A-AF49C163CC81}.Ad-Hoc|x64.ActiveCfg = Release|x64
		{8B5491AA-F246-40EE-A61A-AF49C163CC81}.Ad-Hoc|x64.Build.0 = Release|x64
		{8B5491AA-F246-40EE-A61A-AF49C163CC81}.Ad-Hoc|x64.Deploy.0 = Release|x64
		{8B5491AA-F246-40EE-A61A-AF49C163CC81}.Ad-Hoc|x86.ActiveCfg = Release|x86
		{8B5491AA-F246-40EE-A61A-AF49C163CC81}.Ad-Hoc|x86.Build.0 = Release|x86
		{8B5491AA-F246-40EE-A61A-AF49C163CC81}.Ad-Hoc|x86.Deploy.0 = Release|x86
		{8B5491AA-F246-40EE-A61A-AF49C163CC81}.AppStore|Any CPU.ActiveCfg = Release|x86
		{8B5491AA-F246-40EE-A61A-AF49C163CC81}.AppStore|Any CPU.Build.0 = Release|x86
		{8B5491AA-F246-40EE-A61A-AF49C163CC81}.AppStore|Any CPU.Deploy.0 = Release|x86
		{8B5491AA-F246-40EE-A61A-AF49C163CC81}.AppStore|ARM.ActiveCfg = Release|ARM
		{8B5491AA-F246-40EE-A61A-AF49C163CC81}.AppStore|ARM.Build.0 = Release|ARM
		{8B5491AA-F246-40EE-A61A-AF49C163CC81}.AppStore|ARM.Deploy.0 = Release|ARM
		{8B5491AA-F246-40EE-A61A-AF49C163CC81}.AppStore|iPhone.ActiveCfg = Release|x86
		{8B5491AA-F246-40EE-A61A-AF49C163CC81}.AppStore|iPhone.Build.0 = Release|x86
		{8B5491AA-F246-40EE-A61A-AF49C163CC81}.AppStore|iPhone.Deploy.0 = Release|x86
		{8B5491AA-F246-40EE-A61A-AF49C163CC81}.AppStore|iPhoneSimulator.ActiveCfg = Release|x86
		{8B5491AA-F246-40EE-A61A-AF49C163CC81}.AppStore|iPhoneSimulator.Build.0 = Release|x86
		{8B5491AA-F246-40EE-A61A-AF49C163CC81}.AppStore|iPhoneSimulator.Deploy.0 = Release|x86
		{8B5491AA-F246-40EE-A61A-AF49C163CC81}.AppStore|x64.ActiveCfg = Release|x64
		{8B5491AA-F246-40EE-A61A-AF49C163CC81}.AppStore|x64.Build.0 = Release|x64
		{8B5491AA-F246-40EE-A61A-AF49C163CC81}.AppStore|x64.Deploy.0 = Release|x64
		{8B5491AA-F246-40EE-A61A-AF49C163CC81}.AppStore|x86.ActiveCfg = Release|x86
		{8B5491AA-F246-40EE-A61A-AF49C163CC81}.AppStore|x86.Build.0 = Release|x86
		{8B5491AA-F246-40EE-A61A-AF49C163CC81}.AppStore|x86.Deploy.0 = Release|x86
		{8B5491AA-F246-40EE-A61A-AF49C163CC81}.Debug|Any CPU.ActiveCfg = Debug|x86
		{8B5491AA-F246-40EE-A61A-AF49C163CC81}.Debug|ARM.ActiveCfg = Debug|ARM
		{8B5491AA-F246-40EE-A61A-AF49C163CC81}.Debug|ARM.Build.0 = Debug|ARM
		{8B5491AA-F246-40EE-A61A-AF49C163CC81}.Debug|ARM.Deploy.0 = Debug|ARM
		{8B5491AA-F246-40EE-A61A-AF49C163CC81}.Debug|iPhone.ActiveCfg = Debug|x86
		{8B5491AA-F246-40EE-A61A-AF49C163CC81}.Debug|iPhoneSimulator.ActiveCfg = Debug|x86
		{8B5491AA-F246-40EE-A61A-AF49C163CC81}.Debug|x64.ActiveCfg = Debug|x64
		{8B5491AA-F246-40EE-A61A-AF49C163CC81}.Debug|x64.Build.0 = Debug|x64
		{8B5491AA-F246-40EE-A61A-AF49C163CC81}.Debug|x64.Deploy.0 = Debug|x64
		{8B5491AA-F246-40EE-A61A-AF49C163CC81}.Debug|x86.ActiveCfg = Debug|x86
		{8B5491AA-F246-40EE-A61A-AF49C163CC81}.Debug|x86.Build.0 = Debug|x86
		{8B5491AA-F246-40EE-A61A-AF49C163CC81}.Debug|x86.Deploy.0 = Debug|x86
		{8B5491AA-F246-40EE-A61A-AF49C163CC81}.Release|Any CPU.ActiveCfg = Release|x86
		{8B5491AA-F246-40EE-A61A-AF49C163CC81}.Release|ARM.ActiveCfg = Release|ARM
		{8B5491AA-F246-40EE-A61A-AF49C163CC81}.Release|ARM.Build.0 = Release|ARM
		{8B5491AA-F246-40EE-A61A-AF49C163CC81}.Release|ARM.Deploy.0 = Release|ARM
		{8B5491AA-F246-40EE-A61A-AF49C163CC81}.Release|iPhone.ActiveCfg = Release|x86
		{8B5491AA-F246-40EE-A61A-AF49C163CC81}.Release|iPhoneSimulator.ActiveCfg = Release|x86
		{8B5491AA-F246-40EE-A61A-AF49C163CC81}.Release|x64.ActiveCfg = Release|x64
		{8B5491AA-F246-40EE-A61A-AF49C163CC81}.Release|x64.Build.0 = Release|x64
		{8B5491AA-F246-40EE-A61A-AF49C163CC81}.Release|x64.Deploy.0 = Release|x64
		{8B5491AA-F246-40EE-A61A-AF49C163CC81}.Release|x86.ActiveCfg = Release|x86
		{8B5491AA-F246-40EE-A61A-AF49C163CC81}.Release|x86.Build.0 = Release|x86
		{8B5491AA-F246-40EE-A61A-AF49C163CC81}.Release|x86.Deploy.0 = Release|x86
	EndGlobalSection
	GlobalSection(SolutionProperties) = preSolution
		HideSolutionNode = FALSE
	EndGlobalSection
	GlobalSection(ExtensibilityGlobals) = postSolution
		SolutionGuid = {2EEEC767-65F0-42E3-94C8-FA39BFEA5055}
	EndGlobalSection
EndGlobal
