
Microsoft Visual Studio Solution File, Format Version 12.00
# Visual Studio 15
VisualStudioVersion = 15.0.27130.2027
MinimumVisualStudioVersion = 10.0.40219.1
Project("{9A19103F-16F7-4668-BE54-9A1E7A4F7556}") = "UsingMessagingCenter", "UsingMessagingCenter\UsingMessagingCenter.csproj", "{992336AD-406E-41A7-B7DF-3B9EA3250538}"
EndProject
Project("{FAE04EC0-301F-11D3-BF4B-00C04F79EFBC}") = "UsingMessagingCenter.Android", "UsingMessagingCenter.Android\UsingMessagingCenter.Android.csproj", "{B6E3BE2F-0665-4C1D-A260-B1448477D7A5}"
EndProject
Project("{FAE04EC0-301F-11D3-BF4B-00C04F79EFBC}") = "UsingMessagingCenter.iOS", "UsingMessagingCenter.iOS\UsingMessagingCenter.iOS.csproj", "{3E03C74B-DEEA-4F43-9826-C8C4CCE1DE83}"
EndProject
Project("{FAE04EC0-301F-11D3-BF4B-00C04F79EFBC}") = "UsingMessagingCenter.UWP", "UsingMessagingCenter.UWP\UsingMessagingCenter.UWP.csproj", "{764372D7-C5A7-4959-A19E-F2970421993F}"
EndProject
Global
	GlobalSection(SolutionConfigurationPlatforms) = preSolution
		Ad-Hoc|Any CPU = Ad-Hoc|Any CPU
		Ad-Hoc|ARM = Ad-Hoc|ARM
		Ad-Hoc|iPhone = Ad-Hoc|iPhone
		Ad-Hoc|iPhoneSimulator = Ad-Hoc|iPhoneSimulator
		Ad-Hoc|x64 = Ad-Hoc|x64
		Ad-Hoc|x86 = Ad-Hoc|x86
		AppStore|Any CPU = AppStore|Any CPU
		AppStore|ARM = AppStore|ARM
		AppStore|iPhone = AppStore|iPhone
		AppStore|iPhoneSimulator = AppStore|iPhoneSimulator
		AppStore|x64 = AppStore|x64
		AppStore|x86 = AppStore|x86
		Debug|Any CPU = Debug|Any CPU
		Debug|ARM = Debug|ARM
		Debug|iPhone = Debug|iPhone
		Debug|iPhoneSimulator = Debug|iPhoneSimulator
		Debug|x64 = Debug|x64
		Debug|x86 = Debug|x86
		Release|Any CPU = Release|Any CPU
		Release|ARM = Release|ARM
		Release|iPhone = Release|iPhone
		Release|iPhoneSimulator = Release|iPhoneSimulator
		Release|x64 = Release|x64
		Release|x86 = Release|x86
	EndGlobalSection
	GlobalSection(ProjectConfigurationPlatforms) = postSolution
		{992336AD-406E-41A7-B7DF-3B9EA3250538}.Ad-Hoc|Any CPU.ActiveCfg = Debug|Any CPU
		{992336AD-406E-41A7-B7DF-3B9EA3250538}.Ad-Hoc|Any CPU.Build.0 = Debug|Any CPU
		{992336AD-406E-41A7-B7DF-3B9EA3250538}.Ad-Hoc|ARM.ActiveCfg = Debug|Any CPU
		{992336AD-406E-41A7-B7DF-3B9EA3250538}.Ad-Hoc|ARM.Build.0 = Debug|Any CPU
		{992336AD-406E-41A7-B7DF-3B9EA3250538}.Ad-Hoc|iPhone.ActiveCfg = Debug|Any CPU
		{992336AD-406E-41A7-B7DF-3B9EA3250538}.Ad-Hoc|iPhone.Build.0 = Debug|Any CPU
		{992336AD-406E-41A7-B7DF-3B9EA3250538}.Ad-Hoc|iPhoneSimulator.ActiveCfg = Debug|Any CPU
		{992336AD-406E-41A7-B7DF-3B9EA3250538}.Ad-Hoc|iPhoneSimulator.Build.0 = Debug|Any CPU
		{992336AD-406E-41A7-B7DF-3B9EA3250538}.Ad-Hoc|x64.ActiveCfg = Debug|Any CPU
		{992336AD-406E-41A7-B7DF-3B9EA3250538}.Ad-Hoc|x64.Build.0 = Debug|Any CPU
		{992336AD-406E-41A7-B7DF-3B9EA3250538}.Ad-Hoc|x86.ActiveCfg = Debug|Any CPU
		{992336AD-406E-41A7-B7DF-3B9EA3250538}.Ad-Hoc|x86.Build.0 = Debug|Any CPU
		{992336AD-406E-41A7-B7DF-3B9EA3250538}.AppStore|Any CPU.ActiveCfg = Debug|Any CPU
		{992336AD-406E-41A7-B7DF-3B9EA3250538}.AppStore|Any CPU.Build.0 = Debug|Any CPU
		{992336AD-406E-41A7-B7DF-3B9EA3250538}.AppStore|ARM.ActiveCfg = Debug|Any CPU
		{992336AD-406E-41A7-B7DF-3B9EA3250538}.AppStore|ARM.Build.0 = Debug|Any CPU
		{992336AD-406E-41A7-B7DF-3B9EA3250538}.AppStore|iPhone.ActiveCfg = Debug|Any CPU
		{992336AD-406E-41A7-B7DF-3B9EA3250538}.AppStore|iPhone.Build.0 = Debug|Any CPU
		{992336AD-406E-41A7-B7DF-3B9EA3250538}.AppStore|iPhoneSimulator.ActiveCfg = Debug|Any CPU
		{992336AD-406E-41A7-B7DF-3B9EA3250538}.AppStore|iPhoneSimulator.Build.0 = Debug|Any CPU
		{992336AD-406E-41A7-B7DF-3B9EA3250538}.AppStore|x64.ActiveCfg = Debug|Any CPU
		{992336AD-406E-41A7-B7DF-3B9EA3250538}.AppStore|x64.Build.0 = Debug|Any CPU
		{992336AD-406E-41A7-B7DF-3B9EA3250538}.AppStore|x86.ActiveCfg = Debug|Any CPU
		{992336AD-406E-41A7-B7DF-3B9EA3250538}.AppStore|x86.Build.0 = Debug|Any CPU
		{992336AD-406E-41A7-B7DF-3B9EA3250538}.Debug|Any CPU.ActiveCfg = Debug|Any CPU
		{992336AD-406E-41A7-B7DF-3B9EA3250538}.Debug|Any CPU.Build.0 = Debug|Any CPU
		{992336AD-406E-41A7-B7DF-3B9EA3250538}.Debug|ARM.ActiveCfg = Debug|Any CPU
		{992336AD-406E-41A7-B7DF-3B9EA3250538}.Debug|ARM.Build.0 = Debug|Any CPU
		{992336AD-406E-41A7-B7DF-3B9EA3250538}.Debug|iPhone.ActiveCfg = Debug|Any CPU
		{992336AD-406E-41A7-B7DF-3B9EA3250538}.Debug|iPhone.Build.0 = Debug|Any CPU
		{992336AD-406E-41A7-B7DF-3B9EA3250538}.Debug|iPhoneSimulator.ActiveCfg = Debug|Any CPU
		{992336AD-406E-41A7-B7DF-3B9EA3250538}.Debug|iPhoneSimulator.Build.0 = Debug|Any CPU
		{992336AD-406E-41A7-B7DF-3B9EA3250538}.Debug|x64.ActiveCfg = Debug|Any CPU
		{992336AD-406E-41A7-B7DF-3B9EA3250538}.Debug|x64.Build.0 = Debug|Any CPU
		{992336AD-406E-41A7-B7DF-3B9EA3250538}.Debug|x86.ActiveCfg = Debug|Any CPU
		{992336AD-406E-41A7-B7DF-3B9EA3250538}.Debug|x86.Build.0 = Debug|Any CPU
		{992336AD-406E-41A7-B7DF-3B9EA3250538}.Release|Any CPU.ActiveCfg = Release|Any CPU
		{992336AD-406E-41A7-B7DF-3B9EA3250538}.Release|Any CPU.Build.0 = Release|Any CPU
		{992336AD-406E-41A7-B7DF-3B9EA3250538}.Release|ARM.ActiveCfg = Release|Any CPU
		{992336AD-406E-41A7-B7DF-3B9EA3250538}.Release|ARM.Build.0 = Release|Any CPU
		{992336AD-406E-41A7-B7DF-3B9EA3250538}.Release|iPhone.ActiveCfg = Release|Any CPU
		{992336AD-406E-41A7-B7DF-3B9EA3250538}.Release|iPhone.Build.0 = Release|Any CPU
		{992336AD-406E-41A7-B7DF-3B9EA3250538}.Release|iPhoneSimulator.ActiveCfg = Release|Any CPU
		{992336AD-406E-41A7-B7DF-3B9EA3250538}.Release|iPhoneSimulator.Build.0 = Release|Any CPU
		{992336AD-406E-41A7-B7DF-3B9EA3250538}.Release|x64.ActiveCfg = Release|Any CPU
		{992336AD-406E-41A7-B7DF-3B9EA3250538}.Release|x64.Build.0 = Release|Any CPU
		{992336AD-406E-41A7-B7DF-3B9EA3250538}.Release|x86.ActiveCfg = Release|Any CPU
		{992336AD-406E-41A7-B7DF-3B9EA3250538}.Release|x86.Build.0 = Release|Any CPU
		{B6E3BE2F-0665-4C1D-A260-B1448477D7A5}.Ad-Hoc|Any CPU.ActiveCfg = Release|Any CPU
		{B6E3BE2F-0665-4C1D-A260-B1448477D7A5}.Ad-Hoc|Any CPU.Build.0 = Release|Any CPU
		{B6E3BE2F-0665-4C1D-A260-B1448477D7A5}.Ad-Hoc|Any CPU.Deploy.0 = Release|Any CPU
		{B6E3BE2F-0665-4C1D-A260-B1448477D7A5}.Ad-Hoc|ARM.ActiveCfg = Release|Any CPU
		{B6E3BE2F-0665-4C1D-A260-B1448477D7A5}.Ad-Hoc|ARM.Build.0 = Release|Any CPU
		{B6E3BE2F-0665-4C1D-A260-B1448477D7A5}.Ad-Hoc|ARM.Deploy.0 = Release|Any CPU
		{B6E3BE2F-0665-4C1D-A260-B1448477D7A5}.Ad-Hoc|iPhone.ActiveCfg = Release|Any CPU
		{B6E3BE2F-0665-4C1D-A260-B1448477D7A5}.Ad-Hoc|iPhone.Build.0 = Release|Any CPU
		{B6E3BE2F-0665-4C1D-A260-B1448477D7A5}.Ad-Hoc|iPhone.Deploy.0 = Release|Any CPU
		{B6E3BE2F-0665-4C1D-A260-B1448477D7A5}.Ad-Hoc|iPhoneSimulator.ActiveCfg = Release|Any CPU
		{B6E3BE2F-0665-4C1D-A260-B1448477D7A5}.Ad-Hoc|iPhoneSimulator.Build.0 = Release|Any CPU
		{B6E3BE2F-0665-4C1D-A260-B1448477D7A5}.Ad-Hoc|iPhoneSimulator.Deploy.0 = Release|Any CPU
		{B6E3BE2F-0665-4C1D-A260-B1448477D7A5}.Ad-Hoc|x64.ActiveCfg = Release|Any CPU
		{B6E3BE2F-0665-4C1D-A260-B1448477D7A5}.Ad-Hoc|x64.Build.0 = Release|Any CPU
		{B6E3BE2F-0665-4C1D-A260-B1448477D7A5}.Ad-Hoc|x64.Deploy.0 = Release|Any CPU
		{B6E3BE2F-0665-4C1D-A260-B1448477D7A5}.Ad-Hoc|x86.ActiveCfg = Release|Any CPU
		{B6E3BE2F-0665-4C1D-A260-B1448477D7A5}.Ad-Hoc|x86.Build.0 = Release|Any CPU
		{B6E3BE2F-0665-4C1D-A260-B1448477D7A5}.Ad-Hoc|x86.Deploy.0 = Release|Any CPU
		{B6E3BE2F-0665-4C1D-A260-B1448477D7A5}.AppStore|Any CPU.ActiveCfg = Release|Any CPU
		{B6E3BE2F-0665-4C1D-A260-B1448477D7A5}.AppStore|Any CPU.Build.0 = Release|Any CPU
		{B6E3BE2F-0665-4C1D-A260-B1448477D7A5}.AppStore|Any CPU.Deploy.0 = Release|Any CPU
		{B6E3BE2F-0665-4C1D-A260-B1448477D7A5}.AppStore|ARM.ActiveCfg = Release|Any CPU
		{B6E3BE2F-0665-4C1D-A260-B1448477D7A5}.AppStore|ARM.Build.0 = Release|Any CPU
		{B6E3BE2F-0665-4C1D-A260-B1448477D7A5}.AppStore|ARM.Deploy.0 = Release|Any CPU
		{B6E3BE2F-0665-4C1D-A260-B1448477D7A5}.AppStore|iPhone.ActiveCfg = Release|Any CPU
		{B6E3BE2F-0665-4C1D-A260-B1448477D7A5}.AppStore|iPhone.Build.0 = Release|Any CPU
		{B6E3BE2F-0665-4C1D-A260-B1448477D7A5}.AppStore|iPhone.Deploy.0 = Release|Any CPU
		{B6E3BE2F-0665-4C1D-A260-B1448477D7A5}.AppStore|iPhoneSimulator.ActiveCfg = Release|Any CPU
		{B6E3BE2F-0665-4C1D-A260-B1448477D7A5}.AppStore|iPhoneSimulator.Build.0 = Release|Any CPU
		{B6E3BE2F-0665-4C1D-A260-B1448477D7A5}.AppStore|iPhoneSimulator.Deploy.0 = Release|Any CPU
		{B6E3BE2F-0665-4C1D-A260-B1448477D7A5}.AppStore|x64.ActiveCfg = Release|Any CPU
		{B6E3BE2F-0665-4C1D-A260-B1448477D7A5}.AppStore|x64.Build.0 = Release|Any CPU
		{B6E3BE2F-0665-4C1D-A260-B1448477D7A5}.AppStore|x64.Deploy.0 = Release|Any CPU
		{B6E3BE2F-0665-4C1D-A260-B1448477D7A5}.AppStore|x86.ActiveCfg = Release|Any CPU
		{B6E3BE2F-0665-4C1D-A260-B1448477D7A5}.AppStore|x86.Build.0 = Release|Any CPU
		{B6E3BE2F-0665-4C1D-A260-B1448477D7A5}.AppStore|x86.Deploy.0 = Release|Any CPU
		{B6E3BE2F-0665-4C1D-A260-B1448477D7A5}.Debug|Any CPU.ActiveCfg = Debug|Any CPU
		{B6E3BE2F-0665-4C1D-A260-B1448477D7A5}.Debug|Any CPU.Build.0 = Debug|Any CPU
		{B6E3BE2F-0665-4C1D-A260-B1448477D7A5}.Debug|Any CPU.Deploy.0 = Debug|Any CPU
		{B6E3BE2F-0665-4C1D-A260-B1448477D7A5}.Debug|ARM.ActiveCfg = Debug|Any CPU
		{B6E3BE2F-0665-4C1D-A260-B1448477D7A5}.Debug|ARM.Build.0 = Debug|Any CPU
		{B6E3BE2F-0665-4C1D-A260-B1448477D7A5}.Debug|ARM.Deploy.0 = Debug|Any CPU
		{B6E3BE2F-0665-4C1D-A260-B1448477D7A5}.Debug|iPhone.ActiveCfg = Debug|Any CPU
		{B6E3BE2F-0665-4C1D-A260-B1448477D7A5}.Debug|iPhone.Build.0 = Debug|Any CPU
		{B6E3BE2F-0665-4C1D-A260-B1448477D7A5}.Debug|iPhone.Deploy.0 = Debug|Any CPU
		{B6E3BE2F-0665-4C1D-A260-B1448477D7A5}.Debug|iPhoneSimulator.ActiveCfg = Debug|Any CPU
		{B6E3BE2F-0665-4C1D-A260-B1448477D7A5}.Debug|iPhoneSimulator.Build.0 = Debug|Any CPU
		{B6E3BE2F-0665-4C1D-A260-B1448477D7A5}.Debug|iPhoneSimulator.Deploy.0 = Debug|Any CPU
		{B6E3BE2F-0665-4C1D-A260-B1448477D7A5}.Debug|x64.ActiveCfg = Debug|Any CPU
		{B6E3BE2F-0665-4C1D-A260-B1448477D7A5}.Debug|x64.Build.0 = Debug|Any CPU
		{B6E3BE2F-0665-4C1D-A260-B1448477D7A5}.Debug|x64.Deploy.0 = Debug|Any CPU
		{B6E3BE2F-0665-4C1D-A260-B1448477D7A5}.Debug|x86.ActiveCfg = Debug|Any CPU
		{B6E3BE2F-0665-4C1D-A260-B1448477D7A5}.Debug|x86.Build.0 = Debug|Any CPU
		{B6E3BE2F-0665-4C1D-A260-B1448477D7A5}.Debug|x86.Deploy.0 = Debug|Any CPU
		{B6E3BE2F-0665-4C1D-A260-B1448477D7A5}.Release|Any CPU.ActiveCfg = Release|Any CPU
		{B6E3BE2F-0665-4C1D-A260-B1448477D7A5}.Release|Any CPU.Build.0 = Release|Any CPU
		{B6E3BE2F-0665-4C1D-A260-B1448477D7A5}.Release|Any CPU.Deploy.0 = Release|Any CPU
		{B6E3BE2F-0665-4C1D-A260-B1448477D7A5}.Release|ARM.ActiveCfg = Release|Any CPU
		{B6E3BE2F-0665-4C1D-A260-B1448477D7A5}.Release|ARM.Build.0 = Release|Any CPU
		{B6E3BE2F-0665-4C1D-A260-B1448477D7A5}.Release|ARM.Deploy.0 = Release|Any CPU
		{B6E3BE2F-0665-4C1D-A260-B1448477D7A5}.Release|iPhone.ActiveCfg = Release|Any CPU
		{B6E3BE2F-0665-4C1D-A260-B1448477D7A5}.Release|iPhone.Build.0 = Release|Any CPU
		{B6E3BE2F-0665-4C1D-A260-B1448477D7A5}.Release|iPhone.Deploy.0 = Release|Any CPU
		{B6E3BE2F-0665-4C1D-A260-B1448477D7A5}.Release|iPhoneSimulator.ActiveCfg = Release|Any CPU
		{B6E3BE2F-0665-4C1D-A260-B1448477D7A5}.Release|iPhoneSimulator.Build.0 = Release|Any CPU
		{B6E3BE2F-0665-4C1D-A260-B1448477D7A5}.Release|iPhoneSimulator.Deploy.0 = Release|Any CPU
		{B6E3BE2F-0665-4C1D-A260-B1448477D7A5}.Release|x64.ActiveCfg = Release|Any CPU
		{B6E3BE2F-0665-4C1D-A260-B1448477D7A5}.Release|x64.Build.0 = Release|Any CPU
		{B6E3BE2F-0665-4C1D-A260-B1448477D7A5}.Release|x64.Deploy.0 = Release|Any CPU
		{B6E3BE2F-0665-4C1D-A260-B1448477D7A5}.Release|x86.ActiveCfg = Release|Any CPU
		{B6E3BE2F-0665-4C1D-A260-B1448477D7A5}.Release|x86.Build.0 = Release|Any CPU
		{B6E3BE2F-0665-4C1D-A260-B1448477D7A5}.Release|x86.Deploy.0 = Release|Any CPU
		{3E03C74B-DEEA-4F43-9826-C8C4CCE1DE83}.Ad-Hoc|Any CPU.ActiveCfg = Ad-Hoc|iPhone
		{3E03C74B-DEEA-4F43-9826-C8C4CCE1DE83}.Ad-Hoc|ARM.ActiveCfg = Ad-Hoc|iPhone
		{3E03C74B-DEEA-4F43-9826-C8C4CCE1DE83}.Ad-Hoc|iPhone.ActiveCfg = Ad-Hoc|iPhone
		{3E03C74B-DEEA-4F43-9826-C8C4CCE1DE83}.Ad-Hoc|iPhone.Build.0 = Ad-Hoc|iPhone
		{3E03C74B-DEEA-4F43-9826-C8C4CCE1DE83}.Ad-Hoc|iPhoneSimulator.ActiveCfg = Ad-Hoc|iPhoneSimulator
		{3E03C74B-DEEA-4F43-9826-C8C4CCE1DE83}.Ad-Hoc|iPhoneSimulator.Build.0 = Ad-Hoc|iPhoneSimulator
		{3E03C74B-DEEA-4F43-9826-C8C4CCE1DE83}.Ad-Hoc|x64.ActiveCfg = Ad-Hoc|iPhone
		{3E03C74B-DEEA-4F43-9826-C8C4CCE1DE83}.Ad-Hoc|x86.ActiveCfg = Ad-Hoc|iPhone
		{3E03C74B-DEEA-4F43-9826-C8C4CCE1DE83}.AppStore|Any CPU.ActiveCfg = AppStore|iPhone
		{3E03C74B-DEEA-4F43-9826-C8C4CCE1DE83}.AppStore|ARM.ActiveCfg = AppStore|iPhone
		{3E03C74B-DEEA-4F43-9826-C8C4CCE1DE83}.AppStore|iPhone.ActiveCfg = AppStore|iPhone
		{3E03C74B-DEEA-4F43-9826-C8C4CCE1DE83}.AppStore|iPhone.Build.0 = AppStore|iPhone
		{3E03C74B-DEEA-4F43-9826-C8C4CCE1DE83}.AppStore|iPhoneSimulator.ActiveCfg = AppStore|iPhoneSimulator
		{3E03C74B-DEEA-4F43-9826-C8C4CCE1DE83}.AppStore|iPhoneSimulator.Build.0 = AppStore|iPhoneSimulator
		{3E03C74B-DEEA-4F43-9826-C8C4CCE1DE83}.AppStore|x64.ActiveCfg = AppStore|iPhone
		{3E03C74B-DEEA-4F43-9826-C8C4CCE1DE83}.AppStore|x86.ActiveCfg = AppStore|iPhone
		{3E03C74B-DEEA-4F43-9826-C8C4CCE1DE83}.Debug|Any CPU.ActiveCfg = Debug|iPhone
		{3E03C74B-DEEA-4F43-9826-C8C4CCE1DE83}.Debug|ARM.ActiveCfg = Debug|iPhone
		{3E03C74B-DEEA-4F43-9826-C8C4CCE1DE83}.Debug|iPhone.ActiveCfg = Debug|iPhone
		{3E03C74B-DEEA-4F43-9826-C8C4CCE1DE83}.Debug|iPhone.Build.0 = Debug|iPhone
		{3E03C74B-DEEA-4F43-9826-C8C4CCE1DE83}.Debug|iPhoneSimulator.ActiveCfg = Debug|iPhoneSimulator
		{3E03C74B-DEEA-4F43-9826-C8C4CCE1DE83}.Debug|iPhoneSimulator.Build.0 = Debug|iPhoneSimulator
		{3E03C74B-DEEA-4F43-9826-C8C4CCE1DE83}.Debug|x64.ActiveCfg = Debug|iPhone
		{3E03C74B-DEEA-4F43-9826-C8C4CCE1DE83}.Debug|x86.ActiveCfg = Debug|iPhone
		{3E03C74B-DEEA-4F43-9826-C8C4CCE1DE83}.Release|Any CPU.ActiveCfg = Release|iPhone
		{3E03C74B-DEEA-4F43-9826-C8C4CCE1DE83}.Release|ARM.ActiveCfg = Release|iPhone
		{3E03C74B-DEEA-4F43-9826-C8C4CCE1DE83}.Release|iPhone.ActiveCfg = Release|iPhone
		{3E03C74B-DEEA-4F43-9826-C8C4CCE1DE83}.Release|iPhone.Build.0 = Release|iPhone
		{3E03C74B-DEEA-4F43-9826-C8C4CCE1DE83}.Release|iPhoneSimulator.ActiveCfg = Release|iPhoneSimulator
		{3E03C74B-DEEA-4F43-9826-C8C4CCE1DE83}.Release|iPhoneSimulator.Build.0 = Release|iPhoneSimulator
		{3E03C74B-DEEA-4F43-9826-C8C4CCE1DE83}.Release|x64.ActiveCfg = Release|iPhone
		{3E03C74B-DEEA-4F43-9826-C8C4CCE1DE83}.Release|x86.ActiveCfg = Release|iPhone
		{764372D7-C5A7-4959-A19E-F2970421993F}.Ad-Hoc|Any CPU.ActiveCfg = Release|x86
		{764372D7-C5A7-4959-A19E-F2970421993F}.Ad-Hoc|Any CPU.Build.0 = Release|x86
		{764372D7-C5A7-4959-A19E-F2970421993F}.Ad-Hoc|Any CPU.Deploy.0 = Release|x86
		{764372D7-C5A7-4959-A19E-F2970421993F}.Ad-Hoc|ARM.ActiveCfg = Release|ARM
		{764372D7-C5A7-4959-A19E-F2970421993F}.Ad-Hoc|ARM.Build.0 = Release|ARM
		{764372D7-C5A7-4959-A19E-F2970421993F}.Ad-Hoc|ARM.Deploy.0 = Release|ARM
		{764372D7-C5A7-4959-A19E-F2970421993F}.Ad-Hoc|iPhone.ActiveCfg = Release|x86
		{764372D7-C5A7-4959-A19E-F2970421993F}.Ad-Hoc|iPhone.Build.0 = Release|x86
		{764372D7-C5A7-4959-A19E-F2970421993F}.Ad-Hoc|iPhone.Deploy.0 = Release|x86
		{764372D7-C5A7-4959-A19E-F2970421993F}.Ad-Hoc|iPhoneSimulator.ActiveCfg = Release|x86
		{764372D7-C5A7-4959-A19E-F2970421993F}.Ad-Hoc|iPhoneSimulator.Build.0 = Release|x86
		{764372D7-C5A7-4959-A19E-F2970421993F}.Ad-Hoc|iPhoneSimulator.Deploy.0 = Release|x86
		{764372D7-C5A7-4959-A19E-F2970421993F}.Ad-Hoc|x64.ActiveCfg = Release|x64
		{764372D7-C5A7-4959-A19E-F2970421993F}.Ad-Hoc|x64.Build.0 = Release|x64
		{764372D7-C5A7-4959-A19E-F2970421993F}.Ad-Hoc|x64.Deploy.0 = Release|x64
		{764372D7-C5A7-4959-A19E-F2970421993F}.Ad-Hoc|x86.ActiveCfg = Release|x86
		{764372D7-C5A7-4959-A19E-F2970421993F}.Ad-Hoc|x86.Build.0 = Release|x86
		{764372D7-C5A7-4959-A19E-F2970421993F}.Ad-Hoc|x86.Deploy.0 = Release|x86
		{764372D7-C5A7-4959-A19E-F2970421993F}.AppStore|Any CPU.ActiveCfg = Release|x86
		{764372D7-C5A7-4959-A19E-F2970421993F}.AppStore|Any CPU.Build.0 = Release|x86
		{764372D7-C5A7-4959-A19E-F2970421993F}.AppStore|Any CPU.Deploy.0 = Release|x86
		{764372D7-C5A7-4959-A19E-F2970421993F}.AppStore|ARM.ActiveCfg = Release|ARM
		{764372D7-C5A7-4959-A19E-F2970421993F}.AppStore|ARM.Build.0 = Release|ARM
		{764372D7-C5A7-4959-A19E-F2970421993F}.AppStore|ARM.Deploy.0 = Release|ARM
		{764372D7-C5A7-4959-A19E-F2970421993F}.AppStore|iPhone.ActiveCfg = Release|x86
		{764372D7-C5A7-4959-A19E-F2970421993F}.AppStore|iPhone.Build.0 = Release|x86
		{764372D7-C5A7-4959-A19E-F2970421993F}.AppStore|iPhone.Deploy.0 = Release|x86
		{764372D7-C5A7-4959-A19E-F2970421993F}.AppStore|iPhoneSimulator.ActiveCfg = Release|x86
		{764372D7-C5A7-4959-A19E-F2970421993F}.AppStore|iPhoneSimulator.Build.0 = Release|x86
		{764372D7-C5A7-4959-A19E-F2970421993F}.AppStore|iPhoneSimulator.Deploy.0 = Release|x86
		{764372D7-C5A7-4959-A19E-F2970421993F}.AppStore|x64.ActiveCfg = Release|x64
		{764372D7-C5A7-4959-A19E-F2970421993F}.AppStore|x64.Build.0 = Release|x64
		{764372D7-C5A7-4959-A19E-F2970421993F}.AppStore|x64.Deploy.0 = Release|x64
		{764372D7-C5A7-4959-A19E-F2970421993F}.AppStore|x86.ActiveCfg = Release|x86
		{764372D7-C5A7-4959-A19E-F2970421993F}.AppStore|x86.Build.0 = Release|x86
		{764372D7-C5A7-4959-A19E-F2970421993F}.AppStore|x86.Deploy.0 = Release|x86
		{764372D7-C5A7-4959-A19E-F2970421993F}.Debug|Any CPU.ActiveCfg = Debug|x86
		{764372D7-C5A7-4959-A19E-F2970421993F}.Debug|ARM.ActiveCfg = Debug|ARM
		{764372D7-C5A7-4959-A19E-F2970421993F}.Debug|ARM.Build.0 = Debug|ARM
		{764372D7-C5A7-4959-A19E-F2970421993F}.Debug|ARM.Deploy.0 = Debug|ARM
		{764372D7-C5A7-4959-A19E-F2970421993F}.Debug|iPhone.ActiveCfg = Debug|x86
		{764372D7-C5A7-4959-A19E-F2970421993F}.Debug|iPhoneSimulator.ActiveCfg = Debug|x86
		{764372D7-C5A7-4959-A19E-F2970421993F}.Debug|x64.ActiveCfg = Debug|x64
		{764372D7-C5A7-4959-A19E-F2970421993F}.Debug|x64.Build.0 = Debug|x64
		{764372D7-C5A7-4959-A19E-F2970421993F}.Debug|x64.Deploy.0 = Debug|x64
		{764372D7-C5A7-4959-A19E-F2970421993F}.Debug|x86.ActiveCfg = Debug|x86
		{764372D7-C5A7-4959-A19E-F2970421993F}.Debug|x86.Build.0 = Debug|x86
		{764372D7-C5A7-4959-A19E-F2970421993F}.Debug|x86.Deploy.0 = Debug|x86
		{764372D7-C5A7-4959-A19E-F2970421993F}.Release|Any CPU.ActiveCfg = Release|x86
		{764372D7-C5A7-4959-A19E-F2970421993F}.Release|ARM.ActiveCfg = Release|ARM
		{764372D7-C5A7-4959-A19E-F2970421993F}.Release|ARM.Build.0 = Release|ARM
		{764372D7-C5A7-4959-A19E-F2970421993F}.Release|ARM.Deploy.0 = Release|ARM
		{764372D7-C5A7-4959-A19E-F2970421993F}.Release|iPhone.ActiveCfg = Release|x86
		{764372D7-C5A7-4959-A19E-F2970421993F}.Release|iPhoneSimulator.ActiveCfg = Release|x86
		{764372D7-C5A7-4959-A19E-F2970421993F}.Release|x64.ActiveCfg = Release|x64
		{764372D7-C5A7-4959-A19E-F2970421993F}.Release|x64.Build.0 = Release|x64
		{764372D7-C5A7-4959-A19E-F2970421993F}.Release|x64.Deploy.0 = Release|x64
		{764372D7-C5A7-4959-A19E-F2970421993F}.Release|x86.ActiveCfg = Release|x86
		{764372D7-C5A7-4959-A19E-F2970421993F}.Release|x86.Build.0 = Release|x86
		{764372D7-C5A7-4959-A19E-F2970421993F}.Release|x86.Deploy.0 = Release|x86
	EndGlobalSection
	GlobalSection(SolutionProperties) = preSolution
		HideSolutionNode = FALSE
	EndGlobalSection
	GlobalSection(ExtensibilityGlobals) = postSolution
		SolutionGuid = {6013F0FD-3C2F-46BB-96C3-0EA41A8F4975}
	EndGlobalSection
EndGlobal
