
Microsoft Visual Studio Solution File, Format Version 12.00
# Visual Studio 15
VisualStudioVersion = 15.0.27130.2027
MinimumVisualStudioVersion = 10.0.40219.1
Project("{9A19103F-16F7-4668-BE54-9A1E7A4F7556}") = "Todo", "Todo\Todo.csproj", "{2F58CC9C-230B-4349-83CF-C7D7EF23864E}"
EndProject
Project("{FAE04EC0-301F-11D3-BF4B-00C04F79EFBC}") = "Todo.Android", "Todo.Android\Todo.Android.csproj", "{84360258-521A-4155-806A-7930BD3E58C3}"
EndProject
Project("{FAE04EC0-301F-11D3-BF4B-00C04F79EFBC}") = "Todo.iOS", "Todo.iOS\Todo.iOS.csproj", "{0B6428AD-D01C-41CC-BC49-10F5023F006C}"
EndProject
Project("{FAE04EC0-301F-11D3-BF4B-00C04F79EFBC}") = "Todo.UWP", "Todo.UWP\Todo.UWP.csproj", "{BFD8A193-3A26-4B7A-B921-778AC06531C4}"
EndProject
Global
	GlobalSection(SolutionConfigurationPlatforms) = preSolution
		Ad-Hoc|Any CPU = Ad-Hoc|Any CPU
		Ad-Hoc|ARM = Ad-Hoc|ARM
		Ad-Hoc|iPhone = Ad-Hoc|iPhone
		Ad-Hoc|iPhoneSimulator = Ad-Hoc|iPhoneSimulator
		Ad-Hoc|x64 = Ad-Hoc|x64
		Ad-Hoc|x86 = Ad-Hoc|x86
		AppStore|Any CPU = AppStore|Any CPU
		AppStore|ARM = AppStore|ARM
		AppStore|iPhone = AppStore|iPhone
		AppStore|iPhoneSimulator = AppStore|iPhoneSimulator
		AppStore|x64 = AppStore|x64
		AppStore|x86 = AppStore|x86
		Debug|Any CPU = Debug|Any CPU
		Debug|ARM = Debug|ARM
		Debug|iPhone = Debug|iPhone
		Debug|iPhoneSimulator = Debug|iPhoneSimulator
		Debug|x64 = Debug|x64
		Debug|x86 = Debug|x86
		Release|Any CPU = Release|Any CPU
		Release|ARM = Release|ARM
		Release|iPhone = Release|iPhone
		Release|iPhoneSimulator = Release|iPhoneSimulator
		Release|x64 = Release|x64
		Release|x86 = Release|x86
	EndGlobalSection
	GlobalSection(ProjectConfigurationPlatforms) = postSolution
		{2F58CC9C-230B-4349-83CF-C7D7EF23864E}.Ad-Hoc|Any CPU.ActiveCfg = Debug|Any CPU
		{2F58CC9C-230B-4349-83CF-C7D7EF23864E}.Ad-Hoc|Any CPU.Build.0 = Debug|Any CPU
		{2F58CC9C-230B-4349-83CF-C7D7EF23864E}.Ad-Hoc|ARM.ActiveCfg = Debug|Any CPU
		{2F58CC9C-230B-4349-83CF-C7D7EF23864E}.Ad-Hoc|ARM.Build.0 = Debug|Any CPU
		{2F58CC9C-230B-4349-83CF-C7D7EF23864E}.Ad-Hoc|iPhone.ActiveCfg = Debug|Any CPU
		{2F58CC9C-230B-4349-83CF-C7D7EF23864E}.Ad-Hoc|iPhone.Build.0 = Debug|Any CPU
		{2F58CC9C-230B-4349-83CF-C7D7EF23864E}.Ad-Hoc|iPhoneSimulator.ActiveCfg = Debug|Any CPU
		{2F58CC9C-230B-4349-83CF-C7D7EF23864E}.Ad-Hoc|iPhoneSimulator.Build.0 = Debug|Any CPU
		{2F58CC9C-230B-4349-83CF-C7D7EF23864E}.Ad-Hoc|x64.ActiveCfg = Debug|Any CPU
		{2F58CC9C-230B-4349-83CF-C7D7EF23864E}.Ad-Hoc|x64.Build.0 = Debug|Any CPU
		{2F58CC9C-230B-4349-83CF-C7D7EF23864E}.Ad-Hoc|x86.ActiveCfg = Debug|Any CPU
		{2F58CC9C-230B-4349-83CF-C7D7EF23864E}.Ad-Hoc|x86.Build.0 = Debug|Any CPU
		{2F58CC9C-230B-4349-83CF-C7D7EF23864E}.AppStore|Any CPU.ActiveCfg = Debug|Any CPU
		{2F58CC9C-230B-4349-83CF-C7D7EF23864E}.AppStore|Any CPU.Build.0 = Debug|Any CPU
		{2F58CC9C-230B-4349-83CF-C7D7EF23864E}.AppStore|ARM.ActiveCfg = Debug|Any CPU
		{2F58CC9C-230B-4349-83CF-C7D7EF23864E}.AppStore|ARM.Build.0 = Debug|Any CPU
		{2F58CC9C-230B-4349-83CF-C7D7EF23864E}.AppStore|iPhone.ActiveCfg = Debug|Any CPU
		{2F58CC9C-230B-4349-83CF-C7D7EF23864E}.AppStore|iPhone.Build.0 = Debug|Any CPU
		{2F58CC9C-230B-4349-83CF-C7D7EF23864E}.AppStore|iPhoneSimulator.ActiveCfg = Debug|Any CPU
		{2F58CC9C-230B-4349-83CF-C7D7EF23864E}.AppStore|iPhoneSimulator.Build.0 = Debug|Any CPU
		{2F58CC9C-230B-4349-83CF-C7D7EF23864E}.AppStore|x64.ActiveCfg = Debug|Any CPU
		{2F58CC9C-230B-4349-83CF-C7D7EF23864E}.AppStore|x64.Build.0 = Debug|Any CPU
		{2F58CC9C-230B-4349-83CF-C7D7EF23864E}.AppStore|x86.ActiveCfg = Debug|Any CPU
		{2F58CC9C-230B-4349-83CF-C7D7EF23864E}.AppStore|x86.Build.0 = Debug|Any CPU
		{2F58CC9C-230B-4349-83CF-C7D7EF23864E}.Debug|Any CPU.ActiveCfg = Debug|Any CPU
		{2F58CC9C-230B-4349-83CF-C7D7EF23864E}.Debug|Any CPU.Build.0 = Debug|Any CPU
		{2F58CC9C-230B-4349-83CF-C7D7EF23864E}.Debug|ARM.ActiveCfg = Debug|Any CPU
		{2F58CC9C-230B-4349-83CF-C7D7EF23864E}.Debug|ARM.Build.0 = Debug|Any CPU
		{2F58CC9C-230B-4349-83CF-C7D7EF23864E}.Debug|iPhone.ActiveCfg = Debug|Any CPU
		{2F58CC9C-230B-4349-83CF-C7D7EF23864E}.Debug|iPhone.Build.0 = Debug|Any CPU
		{2F58CC9C-230B-4349-83CF-C7D7EF23864E}.Debug|iPhoneSimulator.ActiveCfg = Debug|Any CPU
		{2F58CC9C-230B-4349-83CF-C7D7EF23864E}.Debug|iPhoneSimulator.Build.0 = Debug|Any CPU
		{2F58CC9C-230B-4349-83CF-C7D7EF23864E}.Debug|x64.ActiveCfg = Debug|Any CPU
		{2F58CC9C-230B-4349-83CF-C7D7EF23864E}.Debug|x64.Build.0 = Debug|Any CPU
		{2F58CC9C-230B-4349-83CF-C7D7EF23864E}.Debug|x86.ActiveCfg = Debug|Any CPU
		{2F58CC9C-230B-4349-83CF-C7D7EF23864E}.Debug|x86.Build.0 = Debug|Any CPU
		{2F58CC9C-230B-4349-83CF-C7D7EF23864E}.Release|Any CPU.ActiveCfg = Release|Any CPU
		{2F58CC9C-230B-4349-83CF-C7D7EF23864E}.Release|Any CPU.Build.0 = Release|Any CPU
		{2F58CC9C-230B-4349-83CF-C7D7EF23864E}.Release|ARM.ActiveCfg = Release|Any CPU
		{2F58CC9C-230B-4349-83CF-C7D7EF23864E}.Release|ARM.Build.0 = Release|Any CPU
		{2F58CC9C-230B-4349-83CF-C7D7EF23864E}.Release|iPhone.ActiveCfg = Release|Any CPU
		{2F58CC9C-230B-4349-83CF-C7D7EF23864E}.Release|iPhone.Build.0 = Release|Any CPU
		{2F58CC9C-230B-4349-83CF-C7D7EF23864E}.Release|iPhoneSimulator.ActiveCfg = Release|Any CPU
		{2F58CC9C-230B-4349-83CF-C7D7EF23864E}.Release|iPhoneSimulator.Build.0 = Release|Any CPU
		{2F58CC9C-230B-4349-83CF-C7D7EF23864E}.Release|x64.ActiveCfg = Release|Any CPU
		{2F58CC9C-230B-4349-83CF-C7D7EF23864E}.Release|x64.Build.0 = Release|Any CPU
		{2F58CC9C-230B-4349-83CF-C7D7EF23864E}.Release|x86.ActiveCfg = Release|Any CPU
		{2F58CC9C-230B-4349-83CF-C7D7EF23864E}.Release|x86.Build.0 = Release|Any CPU
		{84360258-521A-4155-806A-7930BD3E58C3}.Ad-Hoc|Any CPU.ActiveCfg = Release|Any CPU
		{84360258-521A-4155-806A-7930BD3E58C3}.Ad-Hoc|Any CPU.Build.0 = Release|Any CPU
		{84360258-521A-4155-806A-7930BD3E58C3}.Ad-Hoc|Any CPU.Deploy.0 = Release|Any CPU
		{84360258-521A-4155-806A-7930BD3E58C3}.Ad-Hoc|ARM.ActiveCfg = Release|Any CPU
		{84360258-521A-4155-806A-7930BD3E58C3}.Ad-Hoc|ARM.Build.0 = Release|Any CPU
		{84360258-521A-4155-806A-7930BD3E58C3}.Ad-Hoc|ARM.Deploy.0 = Release|Any CPU
		{84360258-521A-4155-806A-7930BD3E58C3}.Ad-Hoc|iPhone.ActiveCfg = Release|Any CPU
		{84360258-521A-4155-806A-7930BD3E58C3}.Ad-Hoc|iPhone.Build.0 = Release|Any CPU
		{84360258-521A-4155-806A-7930BD3E58C3}.Ad-Hoc|iPhone.Deploy.0 = Release|Any CPU
		{84360258-521A-4155-806A-7930BD3E58C3}.Ad-Hoc|iPhoneSimulator.ActiveCfg = Release|Any CPU
		{84360258-521A-4155-806A-7930BD3E58C3}.Ad-Hoc|iPhoneSimulator.Build.0 = Release|Any CPU
		{84360258-521A-4155-806A-7930BD3E58C3}.Ad-Hoc|iPhoneSimulator.Deploy.0 = Release|Any CPU
		{84360258-521A-4155-806A-7930BD3E58C3}.Ad-Hoc|x64.ActiveCfg = Release|Any CPU
		{84360258-521A-4155-806A-7930BD3E58C3}.Ad-Hoc|x64.Build.0 = Release|Any CPU
		{84360258-521A-4155-806A-7930BD3E58C3}.Ad-Hoc|x64.Deploy.0 = Release|Any CPU
		{84360258-521A-4155-806A-7930BD3E58C3}.Ad-Hoc|x86.ActiveCfg = Release|Any CPU
		{84360258-521A-4155-806A-7930BD3E58C3}.Ad-Hoc|x86.Build.0 = Release|Any CPU
		{84360258-521A-4155-806A-7930BD3E58C3}.Ad-Hoc|x86.Deploy.0 = Release|Any CPU
		{84360258-521A-4155-806A-7930BD3E58C3}.AppStore|Any CPU.ActiveCfg = Release|Any CPU
		{84360258-521A-4155-806A-7930BD3E58C3}.AppStore|Any CPU.Build.0 = Release|Any CPU
		{84360258-521A-4155-806A-7930BD3E58C3}.AppStore|Any CPU.Deploy.0 = Release|Any CPU
		{84360258-521A-4155-806A-7930BD3E58C3}.AppStore|ARM.ActiveCfg = Release|Any CPU
		{84360258-521A-4155-806A-7930BD3E58C3}.AppStore|ARM.Build.0 = Release|Any CPU
		{84360258-521A-4155-806A-7930BD3E58C3}.AppStore|ARM.Deploy.0 = Release|Any CPU
		{84360258-521A-4155-806A-7930BD3E58C3}.AppStore|iPhone.ActiveCfg = Release|Any CPU
		{84360258-521A-4155-806A-7930BD3E58C3}.AppStore|iPhone.Build.0 = Release|Any CPU
		{84360258-521A-4155-806A-7930BD3E58C3}.AppStore|iPhone.Deploy.0 = Release|Any CPU
		{84360258-521A-4155-806A-7930BD3E58C3}.AppStore|iPhoneSimulator.ActiveCfg = Release|Any CPU
		{84360258-521A-4155-806A-7930BD3E58C3}.AppStore|iPhoneSimulator.Build.0 = Release|Any CPU
		{84360258-521A-4155-806A-7930BD3E58C3}.AppStore|iPhoneSimulator.Deploy.0 = Release|Any CPU
		{84360258-521A-4155-806A-7930BD3E58C3}.AppStore|x64.ActiveCfg = Release|Any CPU
		{84360258-521A-4155-806A-7930BD3E58C3}.AppStore|x64.Build.0 = Release|Any CPU
		{84360258-521A-4155-806A-7930BD3E58C3}.AppStore|x64.Deploy.0 = Release|Any CPU
		{84360258-521A-4155-806A-7930BD3E58C3}.AppStore|x86.ActiveCfg = Release|Any CPU
		{84360258-521A-4155-806A-7930BD3E58C3}.AppStore|x86.Build.0 = Release|Any CPU
		{84360258-521A-4155-806A-7930BD3E58C3}.AppStore|x86.Deploy.0 = Release|Any CPU
		{84360258-521A-4155-806A-7930BD3E58C3}.Debug|Any CPU.ActiveCfg = Debug|Any CPU
		{84360258-521A-4155-806A-7930BD3E58C3}.Debug|Any CPU.Build.0 = Debug|Any CPU
		{84360258-521A-4155-806A-7930BD3E58C3}.Debug|Any CPU.Deploy.0 = Debug|Any CPU
		{84360258-521A-4155-806A-7930BD3E58C3}.Debug|ARM.ActiveCfg = Debug|Any CPU
		{84360258-521A-4155-806A-7930BD3E58C3}.Debug|ARM.Build.0 = Debug|Any CPU
		{84360258-521A-4155-806A-7930BD3E58C3}.Debug|ARM.Deploy.0 = Debug|Any CPU
		{84360258-521A-4155-806A-7930BD3E58C3}.Debug|iPhone.ActiveCfg = Debug|Any CPU
		{84360258-521A-4155-806A-7930BD3E58C3}.Debug|iPhone.Build.0 = Debug|Any CPU
		{84360258-521A-4155-806A-7930BD3E58C3}.Debug|iPhone.Deploy.0 = Debug|Any CPU
		{84360258-521A-4155-806A-7930BD3E58C3}.Debug|iPhoneSimulator.ActiveCfg = Debug|Any CPU
		{84360258-521A-4155-806A-7930BD3E58C3}.Debug|iPhoneSimulator.Build.0 = Debug|Any CPU
		{84360258-521A-4155-806A-7930BD3E58C3}.Debug|iPhoneSimulator.Deploy.0 = Debug|Any CPU
		{84360258-521A-4155-806A-7930BD3E58C3}.Debug|x64.ActiveCfg = Debug|Any CPU
		{84360258-521A-4155-806A-7930BD3E58C3}.Debug|x64.Build.0 = Debug|Any CPU
		{84360258-521A-4155-806A-7930BD3E58C3}.Debug|x64.Deploy.0 = Debug|Any CPU
		{84360258-521A-4155-806A-7930BD3E58C3}.Debug|x86.ActiveCfg = Debug|Any CPU
		{84360258-521A-4155-806A-7930BD3E58C3}.Debug|x86.Build.0 = Debug|Any CPU
		{84360258-521A-4155-806A-7930BD3E58C3}.Debug|x86.Deploy.0 = Debug|Any CPU
		{84360258-521A-4155-806A-7930BD3E58C3}.Release|Any CPU.ActiveCfg = Release|Any CPU
		{84360258-521A-4155-806A-7930BD3E58C3}.Release|Any CPU.Build.0 = Release|Any CPU
		{84360258-521A-4155-806A-7930BD3E58C3}.Release|Any CPU.Deploy.0 = Release|Any CPU
		{84360258-521A-4155-806A-7930BD3E58C3}.Release|ARM.ActiveCfg = Release|Any CPU
		{84360258-521A-4155-806A-7930BD3E58C3}.Release|ARM.Build.0 = Release|Any CPU
		{84360258-521A-4155-806A-7930BD3E58C3}.Release|ARM.Deploy.0 = Release|Any CPU
		{84360258-521A-4155-806A-7930BD3E58C3}.Release|iPhone.ActiveCfg = Release|Any CPU
		{84360258-521A-4155-806A-7930BD3E58C3}.Release|iPhone.Build.0 = Release|Any CPU
		{84360258-521A-4155-806A-7930BD3E58C3}.Release|iPhone.Deploy.0 = Release|Any CPU
		{84360258-521A-4155-806A-7930BD3E58C3}.Release|iPhoneSimulator.ActiveCfg = Release|Any CPU
		{84360258-521A-4155-806A-7930BD3E58C3}.Release|iPhoneSimulator.Build.0 = Release|Any CPU
		{84360258-521A-4155-806A-7930BD3E58C3}.Release|iPhoneSimulator.Deploy.0 = Release|Any CPU
		{84360258-521A-4155-806A-7930BD3E58C3}.Release|x64.ActiveCfg = Release|Any CPU
		{84360258-521A-4155-806A-7930BD3E58C3}.Release|x64.Build.0 = Release|Any CPU
		{84360258-521A-4155-806A-7930BD3E58C3}.Release|x64.Deploy.0 = Release|Any CPU
		{84360258-521A-4155-806A-7930BD3E58C3}.Release|x86.ActiveCfg = Release|Any CPU
		{84360258-521A-4155-806A-7930BD3E58C3}.Release|x86.Build.0 = Release|Any CPU
		{84360258-521A-4155-806A-7930BD3E58C3}.Release|x86.Deploy.0 = Release|Any CPU
		{0B6428AD-D01C-41CC-BC49-10F5023F006C}.Ad-Hoc|Any CPU.ActiveCfg = Ad-Hoc|iPhone
		{0B6428AD-D01C-41CC-BC49-10F5023F006C}.Ad-Hoc|ARM.ActiveCfg = Ad-Hoc|iPhone
		{0B6428AD-D01C-41CC-BC49-10F5023F006C}.Ad-Hoc|iPhone.ActiveCfg = Ad-Hoc|iPhone
		{0B6428AD-D01C-41CC-BC49-10F5023F006C}.Ad-Hoc|iPhone.Build.0 = Ad-Hoc|iPhone
		{0B6428AD-D01C-41CC-BC49-10F5023F006C}.Ad-Hoc|iPhoneSimulator.ActiveCfg = Ad-Hoc|iPhoneSimulator
		{0B6428AD-D01C-41CC-BC49-10F5023F006C}.Ad-Hoc|iPhoneSimulator.Build.0 = Ad-Hoc|iPhoneSimulator
		{0B6428AD-D01C-41CC-BC49-10F5023F006C}.Ad-Hoc|x64.ActiveCfg = Ad-Hoc|iPhone
		{0B6428AD-D01C-41CC-BC49-10F5023F006C}.Ad-Hoc|x86.ActiveCfg = Ad-Hoc|iPhone
		{0B6428AD-D01C-41CC-BC49-10F5023F006C}.AppStore|Any CPU.ActiveCfg = AppStore|iPhone
		{0B6428AD-D01C-41CC-BC49-10F5023F006C}.AppStore|ARM.ActiveCfg = AppStore|iPhone
		{0B6428AD-D01C-41CC-BC49-10F5023F006C}.AppStore|iPhone.ActiveCfg = AppStore|iPhone
		{0B6428AD-D01C-41CC-BC49-10F5023F006C}.AppStore|iPhone.Build.0 = AppStore|iPhone
		{0B6428AD-D01C-41CC-BC49-10F5023F006C}.AppStore|iPhoneSimulator.ActiveCfg = AppStore|iPhoneSimulator
		{0B6428AD-D01C-41CC-BC49-10F5023F006C}.AppStore|iPhoneSimulator.Build.0 = AppStore|iPhoneSimulator
		{0B6428AD-D01C-41CC-BC49-10F5023F006C}.AppStore|x64.ActiveCfg = AppStore|iPhone
		{0B6428AD-D01C-41CC-BC49-10F5023F006C}.AppStore|x86.ActiveCfg = AppStore|iPhone
		{0B6428AD-D01C-41CC-BC49-10F5023F006C}.Debug|Any CPU.ActiveCfg = Debug|iPhone
		{0B6428AD-D01C-41CC-BC49-10F5023F006C}.Debug|Any CPU.Build.0 = Debug|iPhone
		{0B6428AD-D01C-41CC-BC49-10F5023F006C}.Debug|ARM.ActiveCfg = Debug|iPhone
		{0B6428AD-D01C-41CC-BC49-10F5023F006C}.Debug|iPhone.ActiveCfg = Debug|iPhone
		{0B6428AD-D01C-41CC-BC49-10F5023F006C}.Debug|iPhone.Build.0 = Debug|iPhone
		{0B6428AD-D01C-41CC-BC49-10F5023F006C}.Debug|iPhoneSimulator.ActiveCfg = Debug|iPhoneSimulator
		{0B6428AD-D01C-41CC-BC49-10F5023F006C}.Debug|iPhoneSimulator.Build.0 = Debug|iPhoneSimulator
		{0B6428AD-D01C-41CC-BC49-10F5023F006C}.Debug|x64.ActiveCfg = Debug|iPhone
		{0B6428AD-D01C-41CC-BC49-10F5023F006C}.Debug|x86.ActiveCfg = Debug|iPhone
		{0B6428AD-D01C-41CC-BC49-10F5023F006C}.Release|Any CPU.ActiveCfg = Release|iPhone
		{0B6428AD-D01C-41CC-BC49-10F5023F006C}.Release|ARM.ActiveCfg = Release|iPhone
		{0B6428AD-D01C-41CC-BC49-10F5023F006C}.Release|iPhone.ActiveCfg = Release|iPhone
		{0B6428AD-D01C-41CC-BC49-10F5023F006C}.Release|iPhone.Build.0 = Release|iPhone
		{0B6428AD-D01C-41CC-BC49-10F5023F006C}.Release|iPhoneSimulator.ActiveCfg = Release|iPhoneSimulator
		{0B6428AD-D01C-41CC-BC49-10F5023F006C}.Release|iPhoneSimulator.Build.0 = Release|iPhoneSimulator
		{0B6428AD-D01C-41CC-BC49-10F5023F006C}.Release|x64.ActiveCfg = Release|iPhone
		{0B6428AD-D01C-41CC-BC49-10F5023F006C}.Release|x86.ActiveCfg = Release|iPhone
		{BFD8A193-3A26-4B7A-B921-778AC06531C4}.Ad-Hoc|Any CPU.ActiveCfg = Release|x86
		{BFD8A193-3A26-4B7A-B921-778AC06531C4}.Ad-Hoc|Any CPU.Build.0 = Release|x86
		{BFD8A193-3A26-4B7A-B921-778AC06531C4}.Ad-Hoc|Any CPU.Deploy.0 = Release|x86
		{BFD8A193-3A26-4B7A-B921-778AC06531C4}.Ad-Hoc|ARM.ActiveCfg = Release|ARM
		{BFD8A193-3A26-4B7A-B921-778AC06531C4}.Ad-Hoc|ARM.Build.0 = Release|ARM
		{BFD8A193-3A26-4B7A-B921-778AC06531C4}.Ad-Hoc|ARM.Deploy.0 = Release|ARM
		{BFD8A193-3A26-4B7A-B921-778AC06531C4}.Ad-Hoc|iPhone.ActiveCfg = Release|x86
		{BFD8A193-3A26-4B7A-B921-778AC06531C4}.Ad-Hoc|iPhone.Build.0 = Release|x86
		{BFD8A193-3A26-4B7A-B921-778AC06531C4}.Ad-Hoc|iPhone.Deploy.0 = Release|x86
		{BFD8A193-3A26-4B7A-B921-778AC06531C4}.Ad-Hoc|iPhoneSimulator.ActiveCfg = Release|x86
		{BFD8A193-3A26-4B7A-B921-778AC06531C4}.Ad-Hoc|iPhoneSimulator.Build.0 = Release|x86
		{BFD8A193-3A26-4B7A-B921-778AC06531C4}.Ad-Hoc|iPhoneSimulator.Deploy.0 = Release|x86
		{BFD8A193-3A26-4B7A-B921-778AC06531C4}.Ad-Hoc|x64.ActiveCfg = Release|x64
		{BFD8A193-3A26-4B7A-B921-778AC06531C4}.Ad-Hoc|x64.Build.0 = Release|x64
		{BFD8A193-3A26-4B7A-B921-778AC06531C4}.Ad-Hoc|x64.Deploy.0 = Release|x64
		{BFD8A193-3A26-4B7A-B921-778AC06531C4}.Ad-Hoc|x86.ActiveCfg = Release|x86
		{BFD8A193-3A26-4B7A-B921-778AC06531C4}.Ad-Hoc|x86.Build.0 = Release|x86
		{BFD8A193-3A26-4B7A-B921-778AC06531C4}.Ad-Hoc|x86.Deploy.0 = Release|x86
		{BFD8A193-3A26-4B7A-B921-778AC06531C4}.AppStore|Any CPU.ActiveCfg = Release|x86
		{BFD8A193-3A26-4B7A-B921-778AC06531C4}.AppStore|Any CPU.Build.0 = Release|x86
		{BFD8A193-3A26-4B7A-B921-778AC06531C4}.AppStore|Any CPU.Deploy.0 = Release|x86
		{BFD8A193-3A26-4B7A-B921-778AC06531C4}.AppStore|ARM.ActiveCfg = Release|ARM
		{BFD8A193-3A26-4B7A-B921-778AC06531C4}.AppStore|ARM.Build.0 = Release|ARM
		{BFD8A193-3A26-4B7A-B921-778AC06531C4}.AppStore|ARM.Deploy.0 = Release|ARM
		{BFD8A193-3A26-4B7A-B921-778AC06531C4}.AppStore|iPhone.ActiveCfg = Release|x86
		{BFD8A193-3A26-4B7A-B921-778AC06531C4}.AppStore|iPhone.Build.0 = Release|x86
		{BFD8A193-3A26-4B7A-B921-778AC06531C4}.AppStore|iPhone.Deploy.0 = Release|x86
		{BFD8A193-3A26-4B7A-B921-778AC06531C4}.AppStore|iPhoneSimulator.ActiveCfg = Release|x86
		{BFD8A193-3A26-4B7A-B921-778AC06531C4}.AppStore|iPhoneSimulator.Build.0 = Release|x86
		{BFD8A193-3A26-4B7A-B921-778AC06531C4}.AppStore|iPhoneSimulator.Deploy.0 = Release|x86
		{BFD8A193-3A26-4B7A-B921-778AC06531C4}.AppStore|x64.ActiveCfg = Release|x64
		{BFD8A193-3A26-4B7A-B921-778AC06531C4}.AppStore|x64.Build.0 = Release|x64
		{BFD8A193-3A26-4B7A-B921-778AC06531C4}.AppStore|x64.Deploy.0 = Release|x64
		{BFD8A193-3A26-4B7A-B921-778AC06531C4}.AppStore|x86.ActiveCfg = Release|x86
		{BFD8A193-3A26-4B7A-B921-778AC06531C4}.AppStore|x86.Build.0 = Release|x86
		{BFD8A193-3A26-4B7A-B921-778AC06531C4}.AppStore|x86.Deploy.0 = Release|x86
		{BFD8A193-3A26-4B7A-B921-778AC06531C4}.Debug|Any CPU.ActiveCfg = Debug|x64
		{BFD8A193-3A26-4B7A-B921-778AC06531C4}.Debug|Any CPU.Build.0 = Debug|x64
		{BFD8A193-3A26-4B7A-B921-778AC06531C4}.Debug|ARM.ActiveCfg = Debug|ARM
		{BFD8A193-3A26-4B7A-B921-778AC06531C4}.Debug|ARM.Build.0 = Debug|ARM
		{BFD8A193-3A26-4B7A-B921-778AC06531C4}.Debug|ARM.Deploy.0 = Debug|ARM
		{BFD8A193-3A26-4B7A-B921-778AC06531C4}.Debug|iPhone.ActiveCfg = Debug|x86
		{BFD8A193-3A26-4B7A-B921-778AC06531C4}.Debug|iPhoneSimulator.ActiveCfg = Debug|x86
		{BFD8A193-3A26-4B7A-B921-778AC06531C4}.Debug|x64.ActiveCfg = Debug|x64
		{BFD8A193-3A26-4B7A-B921-778AC06531C4}.Debug|x64.Build.0 = Debug|x64
		{BFD8A193-3A26-4B7A-B921-778AC06531C4}.Debug|x64.Deploy.0 = Debug|x64
		{BFD8A193-3A26-4B7A-B921-778AC06531C4}.Debug|x86.ActiveCfg = Debug|x86
		{BFD8A193-3A26-4B7A-B921-778AC06531C4}.Debug|x86.Build.0 = Debug|x86
		{BFD8A193-3A26-4B7A-B921-778AC06531C4}.Debug|x86.Deploy.0 = Debug|x86
		{BFD8A193-3A26-4B7A-B921-778AC06531C4}.Release|Any CPU.ActiveCfg = Release|x86
		{BFD8A193-3A26-4B7A-B921-778AC06531C4}.Release|ARM.ActiveCfg = Release|ARM
		{BFD8A193-3A26-4B7A-B921-778AC06531C4}.Release|ARM.Build.0 = Release|ARM
		{BFD8A193-3A26-4B7A-B921-778AC06531C4}.Release|ARM.Deploy.0 = Release|ARM
		{BFD8A193-3A26-4B7A-B921-778AC06531C4}.Release|iPhone.ActiveCfg = Release|x86
		{BFD8A193-3A26-4B7A-B921-778AC06531C4}.Release|iPhoneSimulator.ActiveCfg = Release|x86
		{BFD8A193-3A26-4B7A-B921-778AC06531C4}.Release|x64.ActiveCfg = Release|x64
		{BFD8A193-3A26-4B7A-B921-778AC06531C4}.Release|x64.Build.0 = Release|x64
		{BFD8A193-3A26-4B7A-B921-778AC06531C4}.Release|x64.Deploy.0 = Release|x64
		{BFD8A193-3A26-4B7A-B921-778AC06531C4}.Release|x86.ActiveCfg = Release|x86
		{BFD8A193-3A26-4B7A-B921-778AC06531C4}.Release|x86.Build.0 = Release|x86
		{BFD8A193-3A26-4B7A-B921-778AC06531C4}.Release|x86.Deploy.0 = Release|x86
	EndGlobalSection
	GlobalSection(SolutionProperties) = preSolution
		HideSolutionNode = FALSE
	EndGlobalSection
	GlobalSection(ExtensibilityGlobals) = postSolution
		SolutionGuid = {D08600C3-C0E9-4C11-8488-92768525DFCC}
	EndGlobalSection
EndGlobal
